{
  "name": "@superalgos/operations-client",
  "version": "0.0.13",
  "lockfileVersion": 1,
  "requires": true,
  "dependencies": {
    "@babel/runtime": {
      "version": "7.0.0",
      "resolved": "https://registry.npmjs.org/@babel/runtime/-/runtime-7.0.0.tgz",
      "integrity": "sha512-7hGhzlcmg01CvH1EHdSPVXYX1aJ8KCEyz6I9xYIi/asDtzBPMyMhVibhM/K6g/5qnKBwjZtp10bNZIEFTRW1MA==",
      "requires": {
        "regenerator-runtime": "0.12.1"
      },
      "dependencies": {
        "regenerator-runtime": {
          "version": "0.12.1",
          "resolved": "https://registry.npmjs.org/regenerator-runtime/-/regenerator-runtime-0.12.1.tgz",
          "integrity": "sha512-odxIc1/vDlo4iZcfXqRYFj0vpXFNoGdKMAUieAlFYO6m/nl5e9KR/beGf41z4a1FI+aQgtjhuaSlDxQ0hmkrHg=="
        }
      }
    },
    "@material-ui/core": {
      "version": "3.2.2",
      "resolved": "https://registry.npmjs.org/@material-ui/core/-/core-3.2.2.tgz",
      "integrity": "sha512-wDTJyR76+OBdlltiPs3lc1gD6zR+dSA6nITtgkBeLf1NvWfNotMWdvldIDnF3bu24ySAX9imfzDfkBu4Edtqww==",
      "requires": {
        "@babel/runtime": "7.1.2",
        "@types/jss": "9.5.6",
        "@types/react-transition-group": "2.0.14",
        "brcast": "3.0.1",
        "classnames": "2.2.6",
        "csstype": "2.5.7",
        "debounce": "1.2.0",
        "deepmerge": "2.2.1",
        "dom-helpers": "3.3.1",
        "hoist-non-react-statics": "2.5.5",
        "is-plain-object": "2.0.4",
        "jss": "9.8.7",
        "jss-camel-case": "6.1.0",
        "jss-default-unit": "8.0.2",
        "jss-global": "3.0.0",
        "jss-nested": "6.0.1",
        "jss-props-sort": "6.0.0",
        "jss-vendor-prefixer": "7.0.0",
        "keycode": "2.2.0",
        "normalize-scroll-left": "0.1.2",
        "popper.js": "1.14.4",
        "prop-types": "15.6.2",
        "react-event-listener": "0.6.4",
        "react-transition-group": "2.5.0",
        "recompose": "0.30.0",
        "warning": "4.0.2"
      },
      "dependencies": {
        "@babel/runtime": {
          "version": "7.1.2",
          "resolved": "https://registry.npmjs.org/@babel/runtime/-/runtime-7.1.2.tgz",
          "integrity": "sha512-Y3SCjmhSupzFB6wcv1KmmFucH6gDVnI30WjOcicV10ju0cZjak3Jcs67YLIXBrmZYw1xCrVeJPbycFwrqNyxpg==",
          "requires": {
            "regenerator-runtime": "0.12.1"
          }
        }
      }
    },
    "@material-ui/icons": {
      "version": "3.0.1",
      "resolved": "https://registry.npmjs.org/@material-ui/icons/-/icons-3.0.1.tgz",
      "integrity": "sha512-1kNcxYiIT1x8iDPEAlgmKrfRTIV8UyK6fLVcZ9kMHIKGWft9I451V5mvSrbCjbf7MX1TbLWzZjph0aVCRf9MqQ==",
      "requires": {
        "@babel/runtime": "7.0.0",
        "recompose": "0.29.0"
      },
      "dependencies": {
        "recompose": {
          "version": "0.29.0",
          "resolved": "https://registry.npmjs.org/recompose/-/recompose-0.29.0.tgz",
          "integrity": "sha512-J/qLXNU4W+AeHCDR70ajW8eMd1uroqZaECTj6qqDLPMILz3y0EzpYlvrnxKB9DnqcngWrtGwjXY9JeXaW9kS1A==",
          "requires": {
            "@babel/runtime": "7.0.0",
            "change-emitter": "0.1.6",
            "fbjs": "0.8.17",
            "hoist-non-react-statics": "2.5.5",
            "react-lifecycles-compat": "3.0.4",
            "symbol-observable": "1.2.0"
          }
        }
      }
    },
    "@types/async": {
      "version": "2.0.49",
      "resolved": "http://registry.npmjs.org/@types/async/-/async-2.0.49.tgz",
      "integrity": "sha512-Benr3i5odUkvpFkOpzGqrltGdbSs+EVCkEBGXbuR7uT0VzhXKIkhem6PDzHdx5EonA+rfbB3QvP6aDOw5+zp5Q==",
      "optional": true
    },
    "@types/jss": {
      "version": "9.5.6",
      "resolved": "https://registry.npmjs.org/@types/jss/-/jss-9.5.6.tgz",
      "integrity": "sha512-7TWmR5y1jYG4ka4wTZt65RR0kw4WgALFUWktQIWbLnDd6/z/0SQZ/4+UeH0rhdp+HEdIfmzPBH0VwE/4Z9Evzw==",
      "requires": {
        "csstype": "2.5.7",
        "indefinite-observable": "1.0.1"
      }
    },
    "@types/prop-types": {
      "version": "15.5.6",
      "resolved": "https://registry.npmjs.org/@types/prop-types/-/prop-types-15.5.6.tgz",
      "integrity": "sha512-ZBFR7TROLVzCkswA3Fmqq+IIJt62/T7aY/Dmz+QkU7CaW2QFqAitCE8Ups7IzmGhcN1YWMBT4Qcoc07jU9hOJQ=="
    },
    "@types/react": {
      "version": "16.4.16",
      "resolved": "https://registry.npmjs.org/@types/react/-/react-16.4.16.tgz",
      "integrity": "sha512-lxyoipLWweAnLnSsV4Ho2NAZTKKmxeYgkTQ6PaDiPDU9JJBUY2zJVVGiK1smzYv8+ZgbqEmcm5xM74GCpunSEA==",
      "requires": {
        "@types/prop-types": "15.5.6",
        "csstype": "2.5.7"
      }
    },
    "@types/react-transition-group": {
      "version": "2.0.14",
      "resolved": "https://registry.npmjs.org/@types/react-transition-group/-/react-transition-group-2.0.14.tgz",
      "integrity": "sha512-pa7qB0/mkhwWMBFoXhX8BcntK8G4eQl4sIfSrJCxnivTYRQWjOWf2ClR9bWdm0EUFBDHzMbKYS+QYfDtBzkY4w==",
      "requires": {
        "@types/react": "16.4.16"
      }
    },
    "@types/zen-observable": {
      "version": "0.8.0",
      "resolved": "https://registry.npmjs.org/@types/zen-observable/-/zen-observable-0.8.0.tgz",
      "integrity": "sha512-te5lMAWii1uEJ4FwLjzdlbw3+n0FZNOvFXHxQDKeT0dilh7HOzdMzV2TrJVUzq8ep7J4Na8OUYPRLSQkJHAlrg=="
    },
    "apollo-cache": {
      "version": "1.1.17",
      "resolved": "https://registry.npmjs.org/apollo-cache/-/apollo-cache-1.1.17.tgz",
      "integrity": "sha512-7sp24n2HZO4vXgTaKNomLyIfGxG4gDdDkBB0jkRzRi7HhnKmfwhiF/RCiKNbgLdrPX151INdls0KwIVliD0dHQ==",
      "requires": {
        "apollo-utilities": "1.0.21"
      }
    },
    "apollo-client": {
      "version": "2.4.2",
      "resolved": "https://registry.npmjs.org/apollo-client/-/apollo-client-2.4.2.tgz",
      "integrity": "sha512-g1z23umaVSoKLj9xNl0aAnk2KBF4JeBi7MeKFc9CGTixH7TkqeQUQtxcjrC7j2h4KmDbuhOAHOFUGf8YshN+ag==",
      "requires": {
        "@types/async": "2.0.49",
        "@types/zen-observable": "0.8.0",
        "apollo-cache": "1.1.17",
        "apollo-link": "1.2.3",
        "apollo-link-dedup": "1.0.10",
        "apollo-utilities": "1.0.21",
        "symbol-observable": "1.2.0",
        "zen-observable": "0.8.9"
      }
    },
    "apollo-link": {
      "version": "1.2.3",
      "resolved": "https://registry.npmjs.org/apollo-link/-/apollo-link-1.2.3.tgz",
      "integrity": "sha512-iL9yS2OfxYhigme5bpTbmRyC+Htt6tyo2fRMHT3K1XRL/C5IQDDz37OjpPy4ndx7WInSvfSZaaOTKFja9VWqSw==",
      "requires": {
        "apollo-utilities": "1.0.21",
        "zen-observable-ts": "0.8.10"
      }
    },
    "apollo-link-dedup": {
      "version": "1.0.10",
      "resolved": "https://registry.npmjs.org/apollo-link-dedup/-/apollo-link-dedup-1.0.10.tgz",
      "integrity": "sha512-tpUI9lMZsidxdNygSY1FxflXEkUZnvKRkMUsXXuQUNoSLeNtEvUX7QtKRAl4k9ubLl8JKKc9X3L3onAFeGTK8w==",
      "requires": {
        "apollo-link": "1.2.3"
      }
    },
    "apollo-utilities": {
      "version": "1.0.21",
      "resolved": "https://registry.npmjs.org/apollo-utilities/-/apollo-utilities-1.0.21.tgz",
      "integrity": "sha512-ZcxELlEl+sDCYBgEMdNXJAsZtRVm8wk4HIA58bMsqYfd1DSAJQEtZ93F0GZgYNAGy3QyaoBeZtbb0/01++G8JQ==",
      "requires": {
        "fast-json-stable-stringify": "2.0.0",
        "fclone": "1.0.11"
      }
    },
    "asap": {
      "version": "2.0.6",
      "resolved": "https://registry.npmjs.org/asap/-/asap-2.0.6.tgz",
      "integrity": "sha1-5QNHYR1+aQlDIIu9r+vLwvuGbUY="
    },
    "brcast": {
      "version": "3.0.1",
      "resolved": "https://registry.npmjs.org/brcast/-/brcast-3.0.1.tgz",
      "integrity": "sha512-eI3yqf9YEqyGl9PCNTR46MGvDylGtaHjalcz6Q3fAPnP/PhpKkkve52vFdfGpwp4VUvK6LUr4TQN+2stCrEwTg=="
    },
    "change-emitter": {
      "version": "0.1.6",
      "resolved": "https://registry.npmjs.org/change-emitter/-/change-emitter-0.1.6.tgz",
      "integrity": "sha1-6LL+PX8at9aaMhma/5HqaTFAlRU="
    },
    "classnames": {
      "version": "2.2.6",
      "resolved": "https://registry.npmjs.org/classnames/-/classnames-2.2.6.tgz",
      "integrity": "sha512-JR/iSQOSt+LQIWwrwEzJ9uk0xfN3mTVYMwt1Ir5mUcSN6pU+V4zQFFaJsclJbPuAUQH+yfWef6tm7l1quW3C8Q=="
    },
    "core-js": {
      "version": "1.2.7",
      "resolved": "https://registry.npmjs.org/core-js/-/core-js-1.2.7.tgz",
      "integrity": "sha1-ZSKUwUZR2yj6k70tX/KYOk8IxjY="
    },
    "css-vendor": {
      "version": "0.3.8",
      "resolved": "https://registry.npmjs.org/css-vendor/-/css-vendor-0.3.8.tgz",
      "integrity": "sha1-ZCHP0wNM5mT+dnOXL9ARn8KJQfo=",
      "requires": {
        "is-in-browser": "1.1.3"
      }
    },
    "csstype": {
      "version": "2.5.7",
      "resolved": "https://registry.npmjs.org/csstype/-/csstype-2.5.7.tgz",
      "integrity": "sha512-Nt5VDyOTIIV4/nRFswoCKps1R5CD1hkiyjBE9/thNaNZILLEviVw9yWQw15+O+CpNjQKB/uvdcxFFOrSflY3Yw=="
    },
    "debounce": {
      "version": "1.2.0",
      "resolved": "https://registry.npmjs.org/debounce/-/debounce-1.2.0.tgz",
      "integrity": "sha512-mYtLl1xfZLi1m4RtQYlZgJUNQjl4ZxVnHzIR8nLLgi4q1YT8o/WM+MK/f8yfcc9s5Ir5zRaPZyZU6xs1Syoocg=="
    },
    "deepmerge": {
      "version": "2.2.1",
      "resolved": "https://registry.npmjs.org/deepmerge/-/deepmerge-2.2.1.tgz",
      "integrity": "sha512-R9hc1Xa/NOBi9WRVUWg19rl1UB7Tt4kuPd+thNJgFZoxXsTz7ncaPaeIm+40oSGuP33DfMb4sZt1QIGiJzC4EA=="
    },
    "dom-helpers": {
      "version": "3.3.1",
      "resolved": "https://registry.npmjs.org/dom-helpers/-/dom-helpers-3.3.1.tgz",
      "integrity": "sha512-2Sm+JaYn74OiTM2wHvxJOo3roiq/h25Yi69Fqk269cNUwIXsCvATB6CRSFC9Am/20G2b28hGv/+7NiWydIrPvg=="
    },
    "dom-walk": {
      "version": "0.1.1",
      "resolved": "https://registry.npmjs.org/dom-walk/-/dom-walk-0.1.1.tgz",
      "integrity": "sha1-ZyIm3HTI95mtNTB9+TaroRrNYBg=",
      "dev": true
    },
    "encoding": {
      "version": "0.1.12",
      "resolved": "https://registry.npmjs.org/encoding/-/encoding-0.1.12.tgz",
      "integrity": "sha1-U4tm8+5izRq1HsMjgp0flIDHS+s=",
      "requires": {
        "iconv-lite": "0.4.24"
      }
    },
    "fast-json-stable-stringify": {
      "version": "2.0.0",
      "resolved": "https://registry.npmjs.org/fast-json-stable-stringify/-/fast-json-stable-stringify-2.0.0.tgz",
      "integrity": "sha1-1RQsDK7msRifh9OnYREGT4bIu/I="
    },
    "fast-levenshtein": {
      "version": "2.0.6",
      "resolved": "https://registry.npmjs.org/fast-levenshtein/-/fast-levenshtein-2.0.6.tgz",
      "integrity": "sha1-PYpcZog6FqMMqGQ+hR8Zuqd5eRc=",
      "dev": true
    },
    "fbjs": {
      "version": "0.8.17",
      "resolved": "https://registry.npmjs.org/fbjs/-/fbjs-0.8.17.tgz",
      "integrity": "sha1-xNWY6taUkRJlPWWIsBpc3Nn5D90=",
      "requires": {
        "core-js": "1.2.7",
        "isomorphic-fetch": "2.2.1",
        "loose-envify": "1.4.0",
        "object-assign": "4.1.1",
        "promise": "7.3.1",
        "setimmediate": "1.0.5",
        "ua-parser-js": "0.7.18"
      }
    },
    "fbjs-css-vars": {
      "version": "1.0.1",
      "resolved": "https://registry.npmjs.org/fbjs-css-vars/-/fbjs-css-vars-1.0.1.tgz",
      "integrity": "sha512-IM+v/C40MNZWqsLErc32e0TyIk/NhkkQZL0QmjBh6zi1eXv0/GeVKmKmueQX7nn9SXQBQbTUcB8zuexIF3/88w=="
    },
    "fclone": {
      "version": "1.0.11",
      "resolved": "https://registry.npmjs.org/fclone/-/fclone-1.0.11.tgz",
      "integrity": "sha1-EOhdo4v+p/xZk0HClu4ddyZu5kA="
    },
    "global": {
      "version": "4.3.2",
      "resolved": "https://registry.npmjs.org/global/-/global-4.3.2.tgz",
      "integrity": "sha1-52mJJopsdMOJCLEwWxD8DjlOnQ8=",
      "dev": true,
      "requires": {
        "min-document": "2.19.0",
        "process": "0.5.2"
      }
    },
    "graphql": {
      "version": "14.0.2",
      "resolved": "https://registry.npmjs.org/graphql/-/graphql-14.0.2.tgz",
      "integrity": "sha512-gUC4YYsaiSJT1h40krG3J+USGlwhzNTXSb4IOZljn9ag5Tj+RkoXrWp+Kh7WyE3t1NCfab5kzCuxBIvOMERMXw==",
      "requires": {
        "iterall": "1.2.2"
      }
    },
    "graphql-tag": {
      "version": "2.10.0",
      "resolved": "https://registry.npmjs.org/graphql-tag/-/graphql-tag-2.10.0.tgz",
      "integrity": "sha512-9FD6cw976TLLf9WYIUPCaaTpniawIjHWZSwIRZSjrfufJamcXbVVYfN2TWvJYbw0Xf2JjYbl1/f2+wDnBVw3/w=="
    },
    "history": {
      "version": "4.7.2",
      "resolved": "https://registry.npmjs.org/history/-/history-4.7.2.tgz",
      "integrity": "sha512-1zkBRWW6XweO0NBcjiphtVJVsIQ+SXF29z9DVkceeaSLVMFXHool+fdCZD4spDCfZJCILPILc3bm7Bc+HRi0nA==",
      "requires": {
        "invariant": "2.2.4",
        "loose-envify": "1.4.0",
        "resolve-pathname": "2.2.0",
        "value-equal": "0.4.0",
        "warning": "3.0.0"
      },
      "dependencies": {
        "warning": {
          "version": "3.0.0",
          "resolved": "https://registry.npmjs.org/warning/-/warning-3.0.0.tgz",
          "integrity": "sha1-MuU3fLVy3kqwR1O9+IIcAe1gW3w=",
          "requires": {
            "loose-envify": "1.4.0"
          }
        }
      }
    },
    "hoist-non-react-statics": {
      "version": "2.5.5",
      "resolved": "https://registry.npmjs.org/hoist-non-react-statics/-/hoist-non-react-statics-2.5.5.tgz",
      "integrity": "sha512-rqcy4pJo55FTTLWt+bU8ukscqHeE/e9KWvsOW2b/a3afxQZhwkQdT1rPPCJ0rYXdj4vNcasY8zHTH+jF/qStxw=="
    },
    "hyphenate-style-name": {
      "version": "1.0.2",
      "resolved": "https://registry.npmjs.org/hyphenate-style-name/-/hyphenate-style-name-1.0.2.tgz",
      "integrity": "sha1-MRYKNpMK2vH8BMYHT360FGXU7Es="
    },
    "iconv-lite": {
      "version": "0.4.24",
      "resolved": "https://registry.npmjs.org/iconv-lite/-/iconv-lite-0.4.24.tgz",
      "integrity": "sha512-v3MXnZAcvnywkTUEZomIActle7RXXeedOR31wwl7VlyoXO4Qi9arvSenNQWne1TcRwhCL1HwLI21bEqdpj8/rA==",
      "requires": {
        "safer-buffer": "2.1.2"
      }
    },
    "indefinite-observable": {
      "version": "1.0.1",
      "resolved": "https://registry.npmjs.org/indefinite-observable/-/indefinite-observable-1.0.1.tgz",
      "integrity": "sha1-CZFUI8yNb36xy3iCrRNGM8mm7cM=",
      "requires": {
        "symbol-observable": "1.0.4"
      },
      "dependencies": {
        "symbol-observable": {
          "version": "1.0.4",
          "resolved": "https://registry.npmjs.org/symbol-observable/-/symbol-observable-1.0.4.tgz",
          "integrity": "sha1-Kb9hXUqnEhvdiYsi1LP5vE4qoD0="
        }
      }
    },
    "invariant": {
      "version": "2.2.4",
      "resolved": "https://registry.npmjs.org/invariant/-/invariant-2.2.4.tgz",
      "integrity": "sha512-phJfQVBuaJM5raOpJjSfkiD6BpbCE4Ns//LaXl6wGYtUBY83nWS6Rf9tXm2e8VaK60JEjYldbPif/A2B1C2gNA==",
      "requires": {
        "loose-envify": "1.4.0"
      }
    },
    "is-in-browser": {
      "version": "1.1.3",
      "resolved": "https://registry.npmjs.org/is-in-browser/-/is-in-browser-1.1.3.tgz",
      "integrity": "sha1-Vv9NtoOgeMYILrldrX3GLh0E+DU="
    },
    "is-plain-object": {
      "version": "2.0.4",
      "resolved": "https://registry.npmjs.org/is-plain-object/-/is-plain-object-2.0.4.tgz",
      "integrity": "sha512-h5PpgXkWitc38BBMYawTYMWJHFZJVnBquFE57xFpjB8pJFiF6gZ+bU+WyI/yqXiFR5mdLsgYNaPe8uao6Uv9Og==",
      "requires": {
        "isobject": "3.0.1"
      },
      "dependencies": {
        "isobject": {
          "version": "3.0.1",
          "resolved": "https://registry.npmjs.org/isobject/-/isobject-3.0.1.tgz",
          "integrity": "sha1-TkMekrEalzFjaqH5yNHMvP2reN8="
        }
      }
    },
    "is-stream": {
      "version": "1.1.0",
      "resolved": "https://registry.npmjs.org/is-stream/-/is-stream-1.1.0.tgz",
      "integrity": "sha1-EtSj3U5o4Lec6428hBc66A2RykQ="
    },
    "isomorphic-fetch": {
      "version": "2.2.1",
      "resolved": "https://registry.npmjs.org/isomorphic-fetch/-/isomorphic-fetch-2.2.1.tgz",
      "integrity": "sha1-YRrhrPFPXoH3KVB0coGf6XM1WKk=",
      "requires": {
        "node-fetch": "1.7.3",
        "whatwg-fetch": "2.0.4"
      }
    },
    "iterall": {
      "version": "1.2.2",
      "resolved": "https://registry.npmjs.org/iterall/-/iterall-1.2.2.tgz",
      "integrity": "sha512-yynBb1g+RFUPY64fTrFv7nsjRrENBQJaX2UL+2Szc9REFrSNm1rpSXHGzhmAy7a9uv3vlvgBlXnf9RqmPH1/DA=="
    },
    "js-tokens": {
      "version": "4.0.0",
      "resolved": "https://registry.npmjs.org/js-tokens/-/js-tokens-4.0.0.tgz",
      "integrity": "sha512-RdJUflcE3cUzKiMqQgsCu06FPu9UdIJO0beYbPhHN4k6apgJtifcoCtT9bcxOpYBtpD2kCM6Sbzg4CausW/PKQ=="
    },
    "jss": {
      "version": "9.8.7",
      "resolved": "https://registry.npmjs.org/jss/-/jss-9.8.7.tgz",
      "integrity": "sha512-awj3XRZYxbrmmrx9LUSj5pXSUfm12m8xzi/VKeqI1ZwWBtQ0kVPTs3vYs32t4rFw83CgFDukA8wKzOE9sMQnoQ==",
      "requires": {
        "is-in-browser": "1.1.3",
        "symbol-observable": "1.2.0",
        "warning": "3.0.0"
      },
      "dependencies": {
        "warning": {
          "version": "3.0.0",
          "resolved": "https://registry.npmjs.org/warning/-/warning-3.0.0.tgz",
          "integrity": "sha1-MuU3fLVy3kqwR1O9+IIcAe1gW3w=",
          "requires": {
            "loose-envify": "1.4.0"
          }
        }
      }
    },
    "jss-camel-case": {
      "version": "6.1.0",
      "resolved": "https://registry.npmjs.org/jss-camel-case/-/jss-camel-case-6.1.0.tgz",
      "integrity": "sha512-HPF2Q7wmNW1t79mCqSeU2vdd/vFFGpkazwvfHMOhPlMgXrJDzdj9viA2SaHk9ZbD5pfL63a8ylp4++irYbbzMQ==",
      "requires": {
        "hyphenate-style-name": "1.0.2"
      }
    },
    "jss-default-unit": {
      "version": "8.0.2",
      "resolved": "https://registry.npmjs.org/jss-default-unit/-/jss-default-unit-8.0.2.tgz",
      "integrity": "sha512-WxNHrF/18CdoAGw2H0FqOEvJdREXVXLazn7PQYU7V6/BWkCV0GkmWsppNiExdw8dP4TU1ma1dT9zBNJ95feLmg=="
    },
    "jss-global": {
      "version": "3.0.0",
      "resolved": "https://registry.npmjs.org/jss-global/-/jss-global-3.0.0.tgz",
      "integrity": "sha512-wxYn7vL+TImyQYGAfdplg7yaxnPQ9RaXY/cIA8hawaVnmmWxDHzBK32u1y+RAvWboa3lW83ya3nVZ/C+jyjZ5Q=="
    },
    "jss-nested": {
      "version": "6.0.1",
      "resolved": "https://registry.npmjs.org/jss-nested/-/jss-nested-6.0.1.tgz",
      "integrity": "sha512-rn964TralHOZxoyEgeq3hXY8hyuCElnvQoVrQwKHVmu55VRDd6IqExAx9be5HgK0yN/+hQdgAXQl/GUrBbbSTA==",
      "requires": {
        "warning": "3.0.0"
      },
      "dependencies": {
        "warning": {
          "version": "3.0.0",
          "resolved": "https://registry.npmjs.org/warning/-/warning-3.0.0.tgz",
          "integrity": "sha1-MuU3fLVy3kqwR1O9+IIcAe1gW3w=",
          "requires": {
            "loose-envify": "1.4.0"
          }
        }
      }
    },
    "jss-props-sort": {
      "version": "6.0.0",
      "resolved": "https://registry.npmjs.org/jss-props-sort/-/jss-props-sort-6.0.0.tgz",
      "integrity": "sha512-E89UDcrphmI0LzmvYk25Hp4aE5ZBsXqMWlkFXS0EtPkunJkRr+WXdCNYbXbksIPnKlBenGB9OxzQY+mVc70S+g=="
    },
    "jss-vendor-prefixer": {
      "version": "7.0.0",
      "resolved": "https://registry.npmjs.org/jss-vendor-prefixer/-/jss-vendor-prefixer-7.0.0.tgz",
      "integrity": "sha512-Agd+FKmvsI0HLcYXkvy8GYOw3AAASBUpsmIRvVQheps+JWaN892uFOInTr0DRydwaD91vSSUCU4NssschvF7MA==",
      "requires": {
        "css-vendor": "0.3.8"
      }
    },
    "keycode": {
      "version": "2.2.0",
      "resolved": "https://registry.npmjs.org/keycode/-/keycode-2.2.0.tgz",
      "integrity": "sha1-PQr1bce4uOXLqNCpfxByBO7CKwQ="
    },
    "lodash.flowright": {
      "version": "3.5.0",
      "resolved": "https://registry.npmjs.org/lodash.flowright/-/lodash.flowright-3.5.0.tgz",
      "integrity": "sha1-K1//OZcW1+fcVyT+k0n2cGUYTWc="
    },
    "lodash.isequal": {
      "version": "4.5.0",
      "resolved": "https://registry.npmjs.org/lodash.isequal/-/lodash.isequal-4.5.0.tgz",
      "integrity": "sha1-QVxEePK8wwEgwizhDtMib30+GOA="
    },
    "loose-envify": {
      "version": "1.4.0",
      "resolved": "https://registry.npmjs.org/loose-envify/-/loose-envify-1.4.0.tgz",
      "integrity": "sha512-lyuxPGr/Wfhrlem2CL/UcnUc1zcqKAImBDzukY7Y5F/yQiNdko6+fRLevlw1HgMySw7f611UIY408EtxRSoK3Q==",
      "requires": {
        "js-tokens": "4.0.0"
      }
    },
    "luxon": {
      "version": "1.5.0",
      "resolved": "https://registry.npmjs.org/luxon/-/luxon-1.5.0.tgz",
      "integrity": "sha512-9IfJ0a5jA3poJSQnamaoOdPG0ulYk1JUI5IYmEdUhUc8dto4t6TVTu+oIM7fpSYy01GwUAA8kGUZMVe7Qx9Y+Q=="
    },
    "material-ui-pickers": {
      "version": "1.0.1",
      "resolved": "https://registry.npmjs.org/material-ui-pickers/-/material-ui-pickers-1.0.1.tgz",
      "integrity": "sha512-FRJwgeFUQdQxzNAybZvf11204KFBxqKS6sg4JvAO0cWmHULXJhrc9kuEDT8F7Pomwnv6+AyfxygsoMgIRcBMNg==",
      "requires": {
        "classnames": "2.2.6",
        "keycode": "2.2.0",
        "react-event-listener": "0.6.4",
        "react-text-mask": "5.4.1",
        "react-transition-group": "2.5.0",
        "tslib": "1.9.3"
      }
    },
    "min-document": {
      "version": "2.19.0",
      "resolved": "https://registry.npmjs.org/min-document/-/min-document-2.19.0.tgz",
      "integrity": "sha1-e9KC4/WELtKVu3SM3Z8f+iyCRoU=",
      "dev": true,
      "requires": {
        "dom-walk": "0.1.1"
      }
    },
    "node-fetch": {
      "version": "1.7.3",
      "resolved": "https://registry.npmjs.org/node-fetch/-/node-fetch-1.7.3.tgz",
      "integrity": "sha512-NhZ4CsKx7cYm2vSrBAr2PvFOe6sWDf0UYLRqA6svUYg7+/TSfVAu49jYC4BvQ4Sms9SZgdqGBgroqfDhJdTyKQ==",
      "requires": {
        "encoding": "0.1.12",
        "is-stream": "1.1.0"
      }
    },
    "normalize-scroll-left": {
      "version": "0.1.2",
      "resolved": "https://registry.npmjs.org/normalize-scroll-left/-/normalize-scroll-left-0.1.2.tgz",
      "integrity": "sha512-F9YMRls0zCF6BFIE2YnXDRpHPpfd91nOIaNdDgrx5YMoPLo8Wqj+6jNXHQsYBavJeXP4ww8HCt0xQAKc5qk2Fg=="
    },
    "object-assign": {
      "version": "4.1.1",
      "resolved": "https://registry.npmjs.org/object-assign/-/object-assign-4.1.1.tgz",
      "integrity": "sha1-IQmtx5ZYh8/AXLvUQsrIv7s2CGM="
    },
    "path-to-regexp": {
      "version": "1.7.0",
      "resolved": "https://registry.npmjs.org/path-to-regexp/-/path-to-regexp-1.7.0.tgz",
      "integrity": "sha1-Wf3g9DW62suhA6hOnTvGTpa5k30=",
      "requires": {
        "isarray": "0.0.1"
      },
      "dependencies": {
        "isarray": {
          "version": "0.0.1",
          "resolved": "https://registry.npmjs.org/isarray/-/isarray-0.0.1.tgz",
          "integrity": "sha1-ihis/Kmo9Bd+Cav8YDiTmwXR7t8="
        }
      }
    },
    "popper.js": {
      "version": "1.14.4",
      "resolved": "https://registry.npmjs.org/popper.js/-/popper.js-1.14.4.tgz",
      "integrity": "sha1-juwdj/AqWjoVLdQ0FKFce3n9abY="
    },
    "process": {
      "version": "0.5.2",
      "resolved": "https://registry.npmjs.org/process/-/process-0.5.2.tgz",
      "integrity": "sha1-FjjYqONML0QKkduVq5rrZ3/Bhc8=",
      "dev": true
    },
    "promise": {
      "version": "7.3.1",
      "resolved": "https://registry.npmjs.org/promise/-/promise-7.3.1.tgz",
      "integrity": "sha512-nolQXZ/4L+bP/UGlkfaIujX9BKxGwmQ9OT4mOt5yvy8iK1h3wqTEJCijzGANTCCl9nWjY41juyAn2K3Q1hLLTg==",
      "requires": {
        "asap": "2.0.6"
      }
    },
    "prop-types": {
      "version": "15.6.2",
      "resolved": "https://registry.npmjs.org/prop-types/-/prop-types-15.6.2.tgz",
      "integrity": "sha512-3pboPvLiWD7dkI3qf3KbUe6hKFKa52w+AE0VCqECtf+QHAKgOL37tTaNCnuX1nAAQ4ZhyP+kYVKf8rLmJ/feDQ==",
      "requires": {
        "loose-envify": "1.4.0",
        "object-assign": "4.1.1"
      }
    },
    "react": {
      "version": "16.6.1",
      "resolved": "https://registry.npmjs.org/react/-/react-16.6.1.tgz",
      "integrity": "sha512-OtawJThYlvRgm9BXK+xTL7BIlDx8vv21j+fbQDjRRUyok6y7NyjlweGorielTahLZHYIdKUoK2Dp9ByVWuMqxw==",
      "requires": {
        "loose-envify": "1.4.0",
        "object-assign": "4.1.1",
        "prop-types": "15.6.2",
        "scheduler": "0.11.0"
      }
    },
    "react-apollo": {
      "version": "2.2.4",
      "resolved": "https://registry.npmjs.org/react-apollo/-/react-apollo-2.2.4.tgz",
      "integrity": "sha512-haS5R30Qvteb65ZLfWomUZQh47VU4ld4Kof3zlqdbLOrYPt3/DdVZC8ZFPZSxd5zPeIJtZqpUfAxD1WHVoMPIA==",
      "requires": {
        "fbjs": "1.0.0",
        "hoist-non-react-statics": "3.0.1",
        "invariant": "2.2.4",
        "lodash.flowright": "3.5.0",
        "lodash.isequal": "4.5.0",
        "prop-types": "15.6.2"
      },
      "dependencies": {
        "core-js": {
          "version": "2.5.7",
          "resolved": "https://registry.npmjs.org/core-js/-/core-js-2.5.7.tgz",
          "integrity": "sha512-RszJCAxg/PP6uzXVXL6BsxSXx/B05oJAQ2vkJRjyjrEcNVycaqOmNb5OTxZPE3xa5gwZduqza6L9JOCenh/Ecw=="
        },
        "fbjs": {
          "version": "1.0.0",
          "resolved": "https://registry.npmjs.org/fbjs/-/fbjs-1.0.0.tgz",
          "integrity": "sha512-MUgcMEJaFhCaF1QtWGnmq9ZDRAzECTCRAF7O6UZIlAlkTs1SasiX9aP0Iw7wfD2mJ7wDTNfg2w7u5fSCwJk1OA==",
          "requires": {
            "core-js": "2.5.7",
            "fbjs-css-vars": "1.0.1",
            "isomorphic-fetch": "2.2.1",
            "loose-envify": "1.4.0",
            "object-assign": "4.1.1",
            "promise": "7.3.1",
            "setimmediate": "1.0.5",
            "ua-parser-js": "0.7.18"
          }
        },
        "hoist-non-react-statics": {
          "version": "3.0.1",
          "resolved": "https://registry.npmjs.org/hoist-non-react-statics/-/hoist-non-react-statics-3.0.1.tgz",
          "integrity": "sha512-1kXwPsOi0OGQIZNVMPvgWJ9tSnGMiMfJdihqEzrPEXlHOBh9AAHXX/QYmAJTXztnz/K+PQ8ryCb4eGaN6HlGbQ==",
          "requires": {
            "react-is": "16.5.2"
          }
        }
      }
    },
    "react-dom": {
      "version": "16.6.1",
      "resolved": "https://registry.npmjs.org/react-dom/-/react-dom-16.6.1.tgz",
      "integrity": "sha512-zm+wBuEMGm009Wt1uE4Zw5KcXOW7qC4E/xW/fpJsCsbOco4U/R84u+DzzO/S4SYSdNBcqcaulcp4w3FXl8pImw==",
      "requires": {
        "loose-envify": "1.4.0",
        "object-assign": "4.1.1",
        "prop-types": "15.6.2",
        "scheduler": "0.11.0"
      }
    },
    "react-event-listener": {
      "version": "0.6.4",
      "resolved": "https://registry.npmjs.org/react-event-listener/-/react-event-listener-0.6.4.tgz",
      "integrity": "sha512-t7VSjIuUFmN+GeyKb+wm025YLeojVB85kJL6sSs0wEBJddfmKBEQz+CNBZ2zBLKVWkPy/fZXM6U5yvojjYBVYQ==",
      "requires": {
        "@babel/runtime": "7.0.0",
        "prop-types": "15.6.2",
        "warning": "4.0.2"
      }
    },
    "react-hot-loader": {
      "version": "4.3.11",
      "resolved": "https://registry.npmjs.org/react-hot-loader/-/react-hot-loader-4.3.11.tgz",
      "integrity": "sha512-T0G5jURyTsFLoiW6MTr5Q35UHC/B2pmYJ7+VBjk8yMDCEABRmCGy4g6QwxoB4pWg4/xYvVTa/Pbqnsgx/+NLuA==",
      "dev": true,
      "requires": {
        "fast-levenshtein": "2.0.6",
        "global": "4.3.2",
        "hoist-non-react-statics": "2.5.5",
        "prop-types": "15.6.2",
        "react-lifecycles-compat": "3.0.4",
        "shallowequal": "1.1.0"
      }
    },
    "react-is": {
      "version": "16.5.2",
      "resolved": "https://registry.npmjs.org/react-is/-/react-is-16.5.2.tgz",
      "integrity": "sha512-hSl7E6l25GTjNEZATqZIuWOgSnpXb3kD0DVCujmg46K5zLxsbiKaaT6VO9slkSBDPZfYs30lwfJwbOFOnoEnKQ=="
    },
    "react-lifecycles-compat": {
      "version": "3.0.4",
      "resolved": "https://registry.npmjs.org/react-lifecycles-compat/-/react-lifecycles-compat-3.0.4.tgz",
      "integrity": "sha512-fBASbA6LnOU9dOU2eW7aQ8xmYBSXUIWr+UmF9b1efZBazGNO+rcXT/icdKnYm2pTwcRylVUYwW7H1PHfLekVzA=="
    },
    "react-number-format": {
      "version": "4.0.6",
      "resolved": "https://registry.npmjs.org/react-number-format/-/react-number-format-4.0.6.tgz",
      "integrity": "sha512-WfBlqYRD0fGZpQxRy1apxsPeaqtxhzo7CnUVFKBoGDsQbc89+DQNhjG/D3IxgGYM47oKB+W/Su9ol/vVS6Wc2Q==",
      "requires": {
        "prop-types": "15.6.2"
      }
    },
    "react-router": {
      "version": "4.3.1",
      "resolved": "https://registry.npmjs.org/react-router/-/react-router-4.3.1.tgz",
      "integrity": "sha512-yrvL8AogDh2X42Dt9iknk4wF4V8bWREPirFfS9gLU1huk6qK41sg7Z/1S81jjTrGHxa3B8R3J6xIkDAA6CVarg==",
      "requires": {
        "history": "4.7.2",
        "hoist-non-react-statics": "2.5.5",
        "invariant": "2.2.4",
        "loose-envify": "1.4.0",
        "path-to-regexp": "1.7.0",
        "prop-types": "15.6.2",
        "warning": "4.0.2"
      }
    },
    "react-router-dom": {
      "version": "4.3.1",
      "resolved": "https://registry.npmjs.org/react-router-dom/-/react-router-dom-4.3.1.tgz",
      "integrity": "sha512-c/MlywfxDdCp7EnB7YfPMOfMD3tOtIjrQlj/CKfNMBxdmpJP8xcz5P/UAFn3JbnQCNUxsHyVVqllF9LhgVyFCA==",
      "requires": {
        "history": "4.7.2",
        "invariant": "2.2.4",
        "loose-envify": "1.4.0",
        "prop-types": "15.6.2",
        "react-router": "4.3.1",
        "warning": "4.0.2"
      }
    },
    "react-text-mask": {
      "version": "5.4.1",
      "resolved": "https://registry.npmjs.org/react-text-mask/-/react-text-mask-5.4.1.tgz",
      "integrity": "sha512-mGx1n0x0skktwsKcpgAGnrgExFlXDflbWEHh8PC1UaQP8+EdHkW7JYczTghsBo2rnVwU9/4A9x/2bVt3HY46/w==",
      "requires": {
        "prop-types": "15.6.2"
      }
    },
    "react-transition-group": {
      "version": "2.5.0",
      "resolved": "https://registry.npmjs.org/react-transition-group/-/react-transition-group-2.5.0.tgz",
      "integrity": "sha512-qYB3JBF+9Y4sE4/Mg/9O6WFpdoYjeeYqx0AFb64PTazVy8RPMiE3A47CG9QmM4WJ/mzDiZYslV+Uly6O1Erlgw==",
      "requires": {
        "dom-helpers": "3.3.1",
        "loose-envify": "1.4.0",
        "prop-types": "15.6.2",
        "react-lifecycles-compat": "3.0.4"
      }
    },
    "recompose": {
      "version": "0.30.0",
      "resolved": "https://registry.npmjs.org/recompose/-/recompose-0.30.0.tgz",
      "integrity": "sha512-ZTrzzUDa9AqUIhRk4KmVFihH0rapdCSMFXjhHbNrjAWxBuUD/guYlyysMnuHjlZC/KRiOKRtB4jf96yYSkKE8w==",
      "requires": {
        "@babel/runtime": "7.0.0",
        "change-emitter": "0.1.6",
        "fbjs": "0.8.17",
        "hoist-non-react-statics": "2.5.5",
        "react-lifecycles-compat": "3.0.4",
        "symbol-observable": "1.2.0"
      }
    },
    "regenerator-runtime": {
      "version": "0.12.1",
      "resolved": "https://registry.npmjs.org/regenerator-runtime/-/regenerator-runtime-0.12.1.tgz",
      "integrity": "sha512-odxIc1/vDlo4iZcfXqRYFj0vpXFNoGdKMAUieAlFYO6m/nl5e9KR/beGf41z4a1FI+aQgtjhuaSlDxQ0hmkrHg=="
    },
    "resolve-pathname": {
      "version": "2.2.0",
      "resolved": "https://registry.npmjs.org/resolve-pathname/-/resolve-pathname-2.2.0.tgz",
      "integrity": "sha512-bAFz9ld18RzJfddgrO2e/0S2O81710++chRMUxHjXOYKF6jTAMrUNZrEZ1PvV0zlhfjidm08iRPdTLPno1FuRg=="
    },
    "safer-buffer": {
      "version": "2.1.2",
      "resolved": "https://registry.npmjs.org/safer-buffer/-/safer-buffer-2.1.2.tgz",
      "integrity": "sha512-YZo3K82SD7Riyi0E1EQPojLz7kpepnSQI9IyPbHHg1XXXevb5dJI7tpyN2ADxGcQbHG7vcyRHk0cbwqcQriUtg=="
    },
    "scheduler": {
      "version": "0.11.0",
      "resolved": "https://registry.npmjs.org/scheduler/-/scheduler-0.11.0.tgz",
      "integrity": "sha512-MAYbBfmiEHxF0W+c4CxMpEqMYK+rYF584VP/qMKSiHM6lTkBKKYOJaDiSILpJHla6hBOsVd6GucPL46o2Uq3sg==",
      "requires": {
        "loose-envify": "1.4.0",
        "object-assign": "4.1.1"
      }
    },
    "setimmediate": {
      "version": "1.0.5",
      "resolved": "https://registry.npmjs.org/setimmediate/-/setimmediate-1.0.5.tgz",
      "integrity": "sha1-KQy7Iy4waULX1+qbg3Mqt4VvgoU="
    },
    "shallowequal": {
      "version": "1.1.0",
      "resolved": "https://registry.npmjs.org/shallowequal/-/shallowequal-1.1.0.tgz",
      "integrity": "sha512-y0m1JoUZSlPAjXVtPPW70aZWfIL/dSP7AFkRnniLCrK/8MDKog3TySTBmckD+RObVxH0v4Tox67+F14PdED2oQ==",
      "dev": true
    },
    "symbol-observable": {
      "version": "1.2.0",
      "resolved": "https://registry.npmjs.org/symbol-observable/-/symbol-observable-1.2.0.tgz",
      "integrity": "sha512-e900nM8RRtGhlV36KGEU9k65K3mPb1WV70OdjfxlG2EAuM1noi/E/BaW/uMhL7bPEssK8QV57vN3esixjUvcXQ=="
    },
    "tslib": {
      "version": "1.9.3",
      "resolved": "https://registry.npmjs.org/tslib/-/tslib-1.9.3.tgz",
      "integrity": "sha512-4krF8scpejhaOgqzBEcGM7yDIEfi0/8+8zDRZhNZZ2kjmHJ4hv3zCbQWxoJGz1iw5U0Jl0nma13xzHXcncMavQ=="
    },
    "ua-parser-js": {
      "version": "0.7.18",
      "resolved": "https://registry.npmjs.org/ua-parser-js/-/ua-parser-js-0.7.18.tgz",
      "integrity": "sha512-LtzwHlVHwFGTptfNSgezHp7WUlwiqb0gA9AALRbKaERfxwJoiX0A73QbTToxteIAuIaFshhgIZfqK8s7clqgnA=="
    },
    "value-equal": {
      "version": "0.4.0",
      "resolved": "https://registry.npmjs.org/value-equal/-/value-equal-0.4.0.tgz",
      "integrity": "sha512-x+cYdNnaA3CxvMaTX0INdTCN8m8aF2uY9BvEqmxuYp8bL09cs/kWVQPVGcA35fMktdOsP69IgU7wFj/61dJHEw=="
    },
    "warning": {
      "version": "4.0.2",
      "resolved": "https://registry.npmjs.org/warning/-/warning-4.0.2.tgz",
      "integrity": "sha512-wbTp09q/9C+jJn4KKJfJfoS6VleK/Dti0yqWSm6KMvJ4MRCXFQNapHuJXutJIrWV0Cf4AhTdeIe4qdKHR1+Hug==",
      "requires": {
        "loose-envify": "1.4.0"
      }
    },
    "whatwg-fetch": {
      "version": "2.0.4",
      "resolved": "https://registry.npmjs.org/whatwg-fetch/-/whatwg-fetch-2.0.4.tgz",
      "integrity": "sha512-dcQ1GWpOD/eEQ97k66aiEVpNnapVj90/+R+SXTPYGHpYBBypfKJEQjLrvMZ7YXbKm21gXd4NcuxUTjiv1YtLng=="
    },
    "zen-observable": {
      "version": "0.8.9",
      "resolved": "https://registry.npmjs.org/zen-observable/-/zen-observable-0.8.9.tgz",
      "integrity": "sha512-Y9kPzjGvIZ5jchSlqlCpBW3I82zBBL4z+ulXDRVA1NwsKzjt5kwAi+gOYIy0htNkfuehGZZtP5mRXHRV6TjDWw=="
    },
    "zen-observable-ts": {
      "version": "0.8.10",
      "resolved": "https://registry.npmjs.org/zen-observable-ts/-/zen-observable-ts-0.8.10.tgz",
      "integrity": "sha512-5vqMtRggU/2GhePC9OU4sYEWOdvmayp2k3gjPf4F0mXwB3CSbbNznfDUvDJx9O2ZTa1EIXdJhPchQveFKwNXPQ==",
      "requires": {
        "zen-observable": "0.8.9"
      }
    }
  }
}
