{
  "name": "@superalgos/operations-client",
  "version": "0.0.41",
  "lockfileVersion": 1,
  "requires": true,
  "dependencies": {
    "@babel/runtime": {
      "version": "7.0.0",
      "resolved": "https://registry.npmjs.org/@babel/runtime/-/runtime-7.0.0.tgz",
      "integrity": "sha512-7hGhzlcmg01CvH1EHdSPVXYX1aJ8KCEyz6I9xYIi/asDtzBPMyMhVibhM/K6g/5qnKBwjZtp10bNZIEFTRW1MA==",
      "requires": {
        "regenerator-runtime": "^0.12.0"
      },
      "dependencies": {
        "regenerator-runtime": {
          "version": "0.12.1",
          "resolved": "https://registry.npmjs.org/regenerator-runtime/-/regenerator-runtime-0.12.1.tgz",
          "integrity": "sha512-odxIc1/vDlo4iZcfXqRYFj0vpXFNoGdKMAUieAlFYO6m/nl5e9KR/beGf41z4a1FI+aQgtjhuaSlDxQ0hmkrHg=="
        }
      }
    },
    "@material-ui/core": {
      "version": "3.9.3",
      "resolved": "https://registry.npmjs.org/@material-ui/core/-/core-3.9.3.tgz",
      "integrity": "sha512-REIj62+zEvTgI/C//YL4fZxrCVIySygmpZglsu/Nl5jPqy3CDjZv1F9ubBYorHqmRgeVPh64EghMMWqk4egmfg==",
      "requires": {
        "@babel/runtime": "^7.2.0",
        "@material-ui/system": "^3.0.0-alpha.0",
        "@material-ui/utils": "^3.0.0-alpha.2",
        "@types/jss": "^9.5.6",
        "@types/react-transition-group": "^2.0.8",
        "brcast": "^3.0.1",
        "classnames": "^2.2.5",
        "csstype": "^2.5.2",
        "debounce": "^1.1.0",
        "deepmerge": "^3.0.0",
        "dom-helpers": "^3.2.1",
        "hoist-non-react-statics": "^3.2.1",
        "is-plain-object": "^2.0.4",
        "jss": "^9.8.7",
        "jss-camel-case": "^6.0.0",
        "jss-default-unit": "^8.0.2",
        "jss-global": "^3.0.0",
        "jss-nested": "^6.0.1",
        "jss-props-sort": "^6.0.0",
        "jss-vendor-prefixer": "^7.0.0",
        "normalize-scroll-left": "^0.1.2",
        "popper.js": "^1.14.1",
        "prop-types": "^15.6.0",
        "react-event-listener": "^0.6.2",
        "react-transition-group": "^2.2.1",
        "recompose": "0.28.0 - 0.30.0",
        "warning": "^4.0.1"
      },
      "dependencies": {
        "@babel/runtime": {
          "version": "7.4.5",
          "resolved": "https://registry.npmjs.org/@babel/runtime/-/runtime-7.4.5.tgz",
          "integrity": "sha512-TuI4qpWZP6lGOGIuGWtp9sPluqYICmbk8T/1vpSysqJxRPkudh/ofFWyqdcMsDf2s7KvDL4/YHgKyvcS3g9CJQ==",
          "requires": {
            "regenerator-runtime": "^0.13.2"
          }
        },
        "hoist-non-react-statics": {
          "version": "3.3.0",
          "resolved": "https://registry.npmjs.org/hoist-non-react-statics/-/hoist-non-react-statics-3.3.0.tgz",
          "integrity": "sha512-0XsbTXxgiaCDYDIWFcwkmerZPSwywfUqYmwT4jzewKTQSWoE6FCMoUVOeBJWK3E/CrWbxRG3m5GzY4lnIwGRBA==",
          "requires": {
            "react-is": "^16.7.0"
          }
        }
      }
    },
    "@material-ui/icons": {
      "version": "3.0.1",
      "resolved": "https://registry.npmjs.org/@material-ui/icons/-/icons-3.0.1.tgz",
      "integrity": "sha512-1kNcxYiIT1x8iDPEAlgmKrfRTIV8UyK6fLVcZ9kMHIKGWft9I451V5mvSrbCjbf7MX1TbLWzZjph0aVCRf9MqQ==",
      "requires": {
        "@babel/runtime": "7.0.0",
        "recompose": "^0.29.0"
      },
      "dependencies": {
        "recompose": {
          "version": "0.29.0",
          "resolved": "https://registry.npmjs.org/recompose/-/recompose-0.29.0.tgz",
          "integrity": "sha512-J/qLXNU4W+AeHCDR70ajW8eMd1uroqZaECTj6qqDLPMILz3y0EzpYlvrnxKB9DnqcngWrtGwjXY9JeXaW9kS1A==",
          "requires": {
            "@babel/runtime": "^7.0.0",
            "change-emitter": "^0.1.2",
            "fbjs": "^0.8.1",
            "hoist-non-react-statics": "^2.3.1",
            "react-lifecycles-compat": "^3.0.2",
            "symbol-observable": "^1.0.4"
          }
        }
      }
    },
    "@material-ui/system": {
      "version": "3.0.0-alpha.2",
      "resolved": "https://registry.npmjs.org/@material-ui/system/-/system-3.0.0-alpha.2.tgz",
      "integrity": "sha512-odmxQ0peKpP7RQBQ8koly06YhsPzcoVib1vByVPBH4QhwqBXuYoqlCjt02846fYspAqkrWzjxnWUD311EBbxOA==",
      "requires": {
        "@babel/runtime": "^7.2.0",
        "deepmerge": "^3.0.0",
        "prop-types": "^15.6.0",
        "warning": "^4.0.1"
      },
      "dependencies": {
        "@babel/runtime": {
          "version": "7.4.5",
          "resolved": "https://registry.npmjs.org/@babel/runtime/-/runtime-7.4.5.tgz",
          "integrity": "sha512-TuI4qpWZP6lGOGIuGWtp9sPluqYICmbk8T/1vpSysqJxRPkudh/ofFWyqdcMsDf2s7KvDL4/YHgKyvcS3g9CJQ==",
          "requires": {
            "regenerator-runtime": "^0.13.2"
          }
        }
      }
    },
    "@material-ui/utils": {
      "version": "3.0.0-alpha.3",
      "resolved": "https://registry.npmjs.org/@material-ui/utils/-/utils-3.0.0-alpha.3.tgz",
      "integrity": "sha512-rwMdMZptX0DivkqBuC+Jdq7BYTXwqKai5G5ejPpuEDKpWzi1Oxp+LygGw329FrKpuKeiqpcymlqJTjmy+quWng==",
      "requires": {
        "@babel/runtime": "^7.2.0",
        "prop-types": "^15.6.0",
        "react-is": "^16.6.3"
      },
      "dependencies": {
        "@babel/runtime": {
          "version": "7.4.5",
          "resolved": "https://registry.npmjs.org/@babel/runtime/-/runtime-7.4.5.tgz",
          "integrity": "sha512-TuI4qpWZP6lGOGIuGWtp9sPluqYICmbk8T/1vpSysqJxRPkudh/ofFWyqdcMsDf2s7KvDL4/YHgKyvcS3g9CJQ==",
          "requires": {
            "regenerator-runtime": "^0.13.2"
          }
        }
      }
    },
    "@types/jss": {
      "version": "9.5.8",
      "resolved": "https://registry.npmjs.org/@types/jss/-/jss-9.5.8.tgz",
      "integrity": "sha512-bBbHvjhm42UKki+wZpR89j73ykSXg99/bhuKuYYePtpma3ZAnmeGnl0WxXiZhPGsIfzKwCUkpPC0jlrVMBfRxA==",
      "requires": {
        "csstype": "^2.0.0",
        "indefinite-observable": "^1.0.1"
      }
    },
    "@types/prop-types": {
      "version": "15.7.1",
      "resolved": "https://registry.npmjs.org/@types/prop-types/-/prop-types-15.7.1.tgz",
      "integrity": "sha512-CFzn9idOEpHrgdw8JsoTkaDDyRWk1jrzIV8djzcgpq0y9tG4B4lFT+Nxh52DVpDXV+n4+NPNv7M1Dj5uMp6XFg=="
    },
    "@types/react": {
      "version": "16.8.22",
      "resolved": "https://registry.npmjs.org/@types/react/-/react-16.8.22.tgz",
      "integrity": "sha512-C3O1yVqk4sUXqWyx0wlys76eQfhrQhiDhDlHBrjER76lR2S2Agiid/KpOU9oCqj1dISStscz7xXz1Cg8+sCQeA==",
      "requires": {
        "@types/prop-types": "*",
        "csstype": "^2.2.0"
      }
    },
    "@types/react-transition-group": {
      "version": "2.9.2",
      "resolved": "https://registry.npmjs.org/@types/react-transition-group/-/react-transition-group-2.9.2.tgz",
      "integrity": "sha512-5Fv2DQNO+GpdPZcxp2x/OQG/H19A01WlmpjVD9cKvVFmoVLOZ9LvBgSWG6pSXIU4og5fgbvGPaCV5+VGkWAEHA==",
      "requires": {
        "@types/react": "*"
      }
    },
    "@types/zen-observable": {
      "version": "0.8.0",
      "resolved": "https://registry.npmjs.org/@types/zen-observable/-/zen-observable-0.8.0.tgz",
      "integrity": "sha512-te5lMAWii1uEJ4FwLjzdlbw3+n0FZNOvFXHxQDKeT0dilh7HOzdMzV2TrJVUzq8ep7J4Na8OUYPRLSQkJHAlrg=="
    },
    "@wry/equality": {
      "version": "0.1.9",
      "resolved": "https://registry.npmjs.org/@wry/equality/-/equality-0.1.9.tgz",
      "integrity": "sha512-mB6ceGjpMGz1ZTza8HYnrPGos2mC6So4NhS1PtZ8s4Qt0K7fBiIGhpSxUbQmhwcSWE3no+bYxmI2OL6KuXYmoQ==",
      "requires": {
        "tslib": "^1.9.3"
      }
    },
    "apollo-cache": {
      "version": "1.3.2",
      "resolved": "https://registry.npmjs.org/apollo-cache/-/apollo-cache-1.3.2.tgz",
      "integrity": "sha512-+KA685AV5ETEJfjZuviRTEImGA11uNBp/MJGnaCvkgr+BYRrGLruVKBv6WvyFod27WEB2sp7SsG8cNBKANhGLg==",
      "requires": {
        "apollo-utilities": "^1.3.2",
        "tslib": "^1.9.3"
      }
    },
    "apollo-client": {
      "version": "2.6.3",
      "resolved": "https://registry.npmjs.org/apollo-client/-/apollo-client-2.6.3.tgz",
      "integrity": "sha512-DS8pmF5CGiiJ658dG+mDn8pmCMMQIljKJSTeMNHnFuDLV0uAPZoeaAwVFiAmB408Ujqt92oIZ/8yJJAwSIhd4A==",
      "requires": {
        "@types/zen-observable": "^0.8.0",
        "apollo-cache": "1.3.2",
        "apollo-link": "^1.0.0",
        "apollo-utilities": "1.3.2",
        "symbol-observable": "^1.0.2",
        "ts-invariant": "^0.4.0",
        "tslib": "^1.9.3",
        "zen-observable": "^0.8.0"
      }
    },
    "apollo-link": {
      "version": "1.2.12",
      "resolved": "https://registry.npmjs.org/apollo-link/-/apollo-link-1.2.12.tgz",
      "integrity": "sha512-fsgIAXPKThyMVEMWQsUN22AoQI+J/pVXcjRGAShtk97h7D8O+SPskFinCGEkxPeQpE83uKaqafB2IyWdjN+J3Q==",
      "requires": {
        "apollo-utilities": "^1.3.0",
        "ts-invariant": "^0.4.0",
        "tslib": "^1.9.3",
        "zen-observable-ts": "^0.8.19"
      }
    },
    "apollo-utilities": {
      "version": "1.3.2",
      "resolved": "https://registry.npmjs.org/apollo-utilities/-/apollo-utilities-1.3.2.tgz",
      "integrity": "sha512-JWNHj8XChz7S4OZghV6yc9FNnzEXj285QYp/nLNh943iObycI5GTDO3NGR9Dth12LRrSFMeDOConPfPln+WGfg==",
      "requires": {
        "@wry/equality": "^0.1.2",
        "fast-json-stable-stringify": "^2.0.0",
        "ts-invariant": "^0.4.0",
        "tslib": "^1.9.3"
      }
    },
    "asap": {
      "version": "2.0.6",
      "resolved": "https://registry.npmjs.org/asap/-/asap-2.0.6.tgz",
      "integrity": "sha1-5QNHYR1+aQlDIIu9r+vLwvuGbUY="
    },
    "brcast": {
      "version": "3.0.1",
      "resolved": "https://registry.npmjs.org/brcast/-/brcast-3.0.1.tgz",
      "integrity": "sha512-eI3yqf9YEqyGl9PCNTR46MGvDylGtaHjalcz6Q3fAPnP/PhpKkkve52vFdfGpwp4VUvK6LUr4TQN+2stCrEwTg=="
    },
    "change-emitter": {
      "version": "0.1.6",
      "resolved": "https://registry.npmjs.org/change-emitter/-/change-emitter-0.1.6.tgz",
      "integrity": "sha1-6LL+PX8at9aaMhma/5HqaTFAlRU="
    },
    "classnames": {
      "version": "2.2.6",
      "resolved": "https://registry.npmjs.org/classnames/-/classnames-2.2.6.tgz",
      "integrity": "sha512-JR/iSQOSt+LQIWwrwEzJ9uk0xfN3mTVYMwt1Ir5mUcSN6pU+V4zQFFaJsclJbPuAUQH+yfWef6tm7l1quW3C8Q=="
    },
    "core-js": {
      "version": "1.2.7",
      "resolved": "https://registry.npmjs.org/core-js/-/core-js-1.2.7.tgz",
      "integrity": "sha1-ZSKUwUZR2yj6k70tX/KYOk8IxjY="
    },
    "css-vendor": {
      "version": "0.3.8",
      "resolved": "https://registry.npmjs.org/css-vendor/-/css-vendor-0.3.8.tgz",
      "integrity": "sha1-ZCHP0wNM5mT+dnOXL9ARn8KJQfo=",
      "requires": {
        "is-in-browser": "^1.0.2"
      }
    },
    "csstype": {
      "version": "2.6.5",
      "resolved": "https://registry.npmjs.org/csstype/-/csstype-2.6.5.tgz",
      "integrity": "sha512-JsTaiksRsel5n7XwqPAfB0l3TFKdpjW/kgAELf9vrb5adGA7UCPLajKK5s3nFrcFm3Rkyp/Qkgl73ENc1UY3cA=="
    },
    "debounce": {
      "version": "1.2.0",
      "resolved": "https://registry.npmjs.org/debounce/-/debounce-1.2.0.tgz",
      "integrity": "sha512-mYtLl1xfZLi1m4RtQYlZgJUNQjl4ZxVnHzIR8nLLgi4q1YT8o/WM+MK/f8yfcc9s5Ir5zRaPZyZU6xs1Syoocg=="
    },
    "deepmerge": {
      "version": "3.3.0",
      "resolved": "https://registry.npmjs.org/deepmerge/-/deepmerge-3.3.0.tgz",
      "integrity": "sha512-GRQOafGHwMHpjPx9iCvTgpu9NojZ49q794EEL94JVEw6VaeA8XTUyBKvAkOOjBX9oJNiV6G3P+T+tihFjo2TqA=="
    },
    "dom-helpers": {
      "version": "3.4.0",
      "resolved": "https://registry.npmjs.org/dom-helpers/-/dom-helpers-3.4.0.tgz",
      "integrity": "sha512-LnuPJ+dwqKDIyotW1VzmOZ5TONUN7CwkCR5hrgawTUbkBGYdeoNLZo6nNfGkCrjtE1nXXaj7iMMpDa8/d9WoIA==",
      "requires": {
        "@babel/runtime": "^7.1.2"
      },
      "dependencies": {
        "@babel/runtime": {
          "version": "7.4.5",
          "resolved": "https://registry.npmjs.org/@babel/runtime/-/runtime-7.4.5.tgz",
          "integrity": "sha512-TuI4qpWZP6lGOGIuGWtp9sPluqYICmbk8T/1vpSysqJxRPkudh/ofFWyqdcMsDf2s7KvDL4/YHgKyvcS3g9CJQ==",
          "requires": {
            "regenerator-runtime": "^0.13.2"
          }
        }
      }
    },
    "dom-walk": {
      "version": "0.1.1",
      "resolved": "https://registry.npmjs.org/dom-walk/-/dom-walk-0.1.1.tgz",
      "integrity": "sha1-ZyIm3HTI95mtNTB9+TaroRrNYBg=",
      "dev": true
    },
    "encoding": {
      "version": "0.1.12",
      "resolved": "https://registry.npmjs.org/encoding/-/encoding-0.1.12.tgz",
      "integrity": "sha1-U4tm8+5izRq1HsMjgp0flIDHS+s=",
      "requires": {
        "iconv-lite": "~0.4.13"
      }
    },
    "fast-json-stable-stringify": {
      "version": "2.0.0",
      "resolved": "https://registry.npmjs.org/fast-json-stable-stringify/-/fast-json-stable-stringify-2.0.0.tgz",
      "integrity": "sha1-1RQsDK7msRifh9OnYREGT4bIu/I="
    },
    "fast-levenshtein": {
      "version": "2.0.6",
      "resolved": "https://registry.npmjs.org/fast-levenshtein/-/fast-levenshtein-2.0.6.tgz",
      "integrity": "sha1-PYpcZog6FqMMqGQ+hR8Zuqd5eRc=",
      "dev": true
    },
    "fbjs": {
      "version": "0.8.17",
      "resolved": "https://registry.npmjs.org/fbjs/-/fbjs-0.8.17.tgz",
      "integrity": "sha1-xNWY6taUkRJlPWWIsBpc3Nn5D90=",
      "requires": {
        "core-js": "^1.0.0",
        "isomorphic-fetch": "^2.1.1",
        "loose-envify": "^1.0.0",
        "object-assign": "^4.1.0",
        "promise": "^7.1.1",
        "setimmediate": "^1.0.5",
        "ua-parser-js": "^0.7.18"
      }
    },
    "global": {
      "version": "4.3.2",
      "resolved": "https://registry.npmjs.org/global/-/global-4.3.2.tgz",
      "integrity": "sha1-52mJJopsdMOJCLEwWxD8DjlOnQ8=",
      "dev": true,
      "requires": {
        "min-document": "^2.19.0",
        "process": "~0.5.1"
      }
    },
    "graphql": {
      "version": "14.3.1",
      "resolved": "https://registry.npmjs.org/graphql/-/graphql-14.3.1.tgz",
      "integrity": "sha512-FZm7kAa3FqKdXy8YSSpAoTtyDFMIYSpCDOr+3EqlI1bxmtHu+Vv/I2vrSeT1sBOEnEniX3uo4wFhFdS/8XN6gA==",
      "requires": {
        "iterall": "^1.2.2"
      }
    },
    "graphql-tag": {
      "version": "2.10.1",
      "resolved": "https://registry.npmjs.org/graphql-tag/-/graphql-tag-2.10.1.tgz",
      "integrity": "sha512-jApXqWBzNXQ8jYa/HLkZJaVw9jgwNqZkywa2zfFn16Iv1Zb7ELNHkJaXHR7Quvd5SIGsy6Ny7SUKATgnu05uEg=="
    },
    "history": {
      "version": "4.7.2",
      "resolved": "https://registry.npmjs.org/history/-/history-4.7.2.tgz",
      "integrity": "sha512-1zkBRWW6XweO0NBcjiphtVJVsIQ+SXF29z9DVkceeaSLVMFXHool+fdCZD4spDCfZJCILPILc3bm7Bc+HRi0nA==",
      "requires": {
        "invariant": "^2.2.1",
        "loose-envify": "^1.2.0",
        "resolve-pathname": "^2.2.0",
        "value-equal": "^0.4.0",
        "warning": "^3.0.0"
      },
      "dependencies": {
        "warning": {
          "version": "3.0.0",
          "resolved": "https://registry.npmjs.org/warning/-/warning-3.0.0.tgz",
          "integrity": "sha1-MuU3fLVy3kqwR1O9+IIcAe1gW3w=",
          "requires": {
            "loose-envify": "^1.0.0"
          }
        }
      }
    },
    "hoist-non-react-statics": {
      "version": "2.5.5",
      "resolved": "https://registry.npmjs.org/hoist-non-react-statics/-/hoist-non-react-statics-2.5.5.tgz",
      "integrity": "sha512-rqcy4pJo55FTTLWt+bU8ukscqHeE/e9KWvsOW2b/a3afxQZhwkQdT1rPPCJ0rYXdj4vNcasY8zHTH+jF/qStxw=="
    },
    "hyphenate-style-name": {
      "version": "1.0.3",
      "resolved": "https://registry.npmjs.org/hyphenate-style-name/-/hyphenate-style-name-1.0.3.tgz",
      "integrity": "sha512-EcuixamT82oplpoJ2XU4pDtKGWQ7b00CD9f1ug9IaQ3p1bkHMiKCZ9ut9QDI6qsa6cpUuB+A/I+zLtdNK4n2DQ=="
    },
    "iconv-lite": {
      "version": "0.4.24",
      "resolved": "https://registry.npmjs.org/iconv-lite/-/iconv-lite-0.4.24.tgz",
      "integrity": "sha512-v3MXnZAcvnywkTUEZomIActle7RXXeedOR31wwl7VlyoXO4Qi9arvSenNQWne1TcRwhCL1HwLI21bEqdpj8/rA==",
      "requires": {
        "safer-buffer": ">= 2.1.2 < 3"
      }
    },
    "indefinite-observable": {
      "version": "1.0.2",
      "resolved": "https://registry.npmjs.org/indefinite-observable/-/indefinite-observable-1.0.2.tgz",
      "integrity": "sha512-Mps0898zEduHyPhb7UCgNmfzlqNZknVmaFz5qzr0mm04YQ5FGLhAyK/dJ+NaRxGyR6juQXIxh5Ev0xx+qq0nYA==",
      "requires": {
        "symbol-observable": "1.2.0"
      }
    },
    "invariant": {
      "version": "2.2.4",
      "resolved": "https://registry.npmjs.org/invariant/-/invariant-2.2.4.tgz",
      "integrity": "sha512-phJfQVBuaJM5raOpJjSfkiD6BpbCE4Ns//LaXl6wGYtUBY83nWS6Rf9tXm2e8VaK60JEjYldbPif/A2B1C2gNA==",
      "requires": {
        "loose-envify": "^1.0.0"
      }
    },
    "is-in-browser": {
      "version": "1.1.3",
      "resolved": "https://registry.npmjs.org/is-in-browser/-/is-in-browser-1.1.3.tgz",
      "integrity": "sha1-Vv9NtoOgeMYILrldrX3GLh0E+DU="
    },
    "is-plain-object": {
      "version": "2.0.4",
      "resolved": "https://registry.npmjs.org/is-plain-object/-/is-plain-object-2.0.4.tgz",
      "integrity": "sha512-h5PpgXkWitc38BBMYawTYMWJHFZJVnBquFE57xFpjB8pJFiF6gZ+bU+WyI/yqXiFR5mdLsgYNaPe8uao6Uv9Og==",
      "requires": {
        "isobject": "^3.0.1"
      }
    },
    "is-stream": {
      "version": "1.1.0",
      "resolved": "https://registry.npmjs.org/is-stream/-/is-stream-1.1.0.tgz",
      "integrity": "sha1-EtSj3U5o4Lec6428hBc66A2RykQ="
    },
    "isobject": {
      "version": "3.0.1",
      "resolved": "https://registry.npmjs.org/isobject/-/isobject-3.0.1.tgz",
      "integrity": "sha1-TkMekrEalzFjaqH5yNHMvP2reN8="
    },
    "isomorphic-fetch": {
      "version": "2.2.1",
      "resolved": "https://registry.npmjs.org/isomorphic-fetch/-/isomorphic-fetch-2.2.1.tgz",
      "integrity": "sha1-YRrhrPFPXoH3KVB0coGf6XM1WKk=",
      "requires": {
        "node-fetch": "^1.0.1",
        "whatwg-fetch": ">=0.10.0"
      }
    },
    "iterall": {
      "version": "1.2.2",
      "resolved": "https://registry.npmjs.org/iterall/-/iterall-1.2.2.tgz",
      "integrity": "sha512-yynBb1g+RFUPY64fTrFv7nsjRrENBQJaX2UL+2Szc9REFrSNm1rpSXHGzhmAy7a9uv3vlvgBlXnf9RqmPH1/DA=="
    },
    "js-tokens": {
      "version": "4.0.0",
      "resolved": "https://registry.npmjs.org/js-tokens/-/js-tokens-4.0.0.tgz",
      "integrity": "sha512-RdJUflcE3cUzKiMqQgsCu06FPu9UdIJO0beYbPhHN4k6apgJtifcoCtT9bcxOpYBtpD2kCM6Sbzg4CausW/PKQ=="
    },
    "jss": {
      "version": "9.8.7",
      "resolved": "https://registry.npmjs.org/jss/-/jss-9.8.7.tgz",
      "integrity": "sha512-awj3XRZYxbrmmrx9LUSj5pXSUfm12m8xzi/VKeqI1ZwWBtQ0kVPTs3vYs32t4rFw83CgFDukA8wKzOE9sMQnoQ==",
      "requires": {
        "is-in-browser": "^1.1.3",
        "symbol-observable": "^1.1.0",
        "warning": "^3.0.0"
      },
      "dependencies": {
        "warning": {
          "version": "3.0.0",
          "resolved": "https://registry.npmjs.org/warning/-/warning-3.0.0.tgz",
          "integrity": "sha1-MuU3fLVy3kqwR1O9+IIcAe1gW3w=",
          "requires": {
            "loose-envify": "^1.0.0"
          }
        }
      }
    },
    "jss-camel-case": {
      "version": "6.1.0",
      "resolved": "https://registry.npmjs.org/jss-camel-case/-/jss-camel-case-6.1.0.tgz",
      "integrity": "sha512-HPF2Q7wmNW1t79mCqSeU2vdd/vFFGpkazwvfHMOhPlMgXrJDzdj9viA2SaHk9ZbD5pfL63a8ylp4++irYbbzMQ==",
      "requires": {
        "hyphenate-style-name": "^1.0.2"
      }
    },
    "jss-default-unit": {
      "version": "8.0.2",
      "resolved": "https://registry.npmjs.org/jss-default-unit/-/jss-default-unit-8.0.2.tgz",
      "integrity": "sha512-WxNHrF/18CdoAGw2H0FqOEvJdREXVXLazn7PQYU7V6/BWkCV0GkmWsppNiExdw8dP4TU1ma1dT9zBNJ95feLmg=="
    },
    "jss-global": {
      "version": "3.0.0",
      "resolved": "https://registry.npmjs.org/jss-global/-/jss-global-3.0.0.tgz",
      "integrity": "sha512-wxYn7vL+TImyQYGAfdplg7yaxnPQ9RaXY/cIA8hawaVnmmWxDHzBK32u1y+RAvWboa3lW83ya3nVZ/C+jyjZ5Q=="
    },
    "jss-nested": {
      "version": "6.0.1",
      "resolved": "https://registry.npmjs.org/jss-nested/-/jss-nested-6.0.1.tgz",
      "integrity": "sha512-rn964TralHOZxoyEgeq3hXY8hyuCElnvQoVrQwKHVmu55VRDd6IqExAx9be5HgK0yN/+hQdgAXQl/GUrBbbSTA==",
      "requires": {
        "warning": "^3.0.0"
      },
      "dependencies": {
        "warning": {
          "version": "3.0.0",
          "resolved": "https://registry.npmjs.org/warning/-/warning-3.0.0.tgz",
          "integrity": "sha1-MuU3fLVy3kqwR1O9+IIcAe1gW3w=",
          "requires": {
            "loose-envify": "^1.0.0"
          }
        }
      }
    },
    "jss-props-sort": {
      "version": "6.0.0",
      "resolved": "https://registry.npmjs.org/jss-props-sort/-/jss-props-sort-6.0.0.tgz",
      "integrity": "sha512-E89UDcrphmI0LzmvYk25Hp4aE5ZBsXqMWlkFXS0EtPkunJkRr+WXdCNYbXbksIPnKlBenGB9OxzQY+mVc70S+g=="
    },
    "jss-vendor-prefixer": {
      "version": "7.0.0",
      "resolved": "https://registry.npmjs.org/jss-vendor-prefixer/-/jss-vendor-prefixer-7.0.0.tgz",
      "integrity": "sha512-Agd+FKmvsI0HLcYXkvy8GYOw3AAASBUpsmIRvVQheps+JWaN892uFOInTr0DRydwaD91vSSUCU4NssschvF7MA==",
      "requires": {
        "css-vendor": "^0.3.8"
      }
    },
    "keycode": {
      "version": "2.2.0",
      "resolved": "https://registry.npmjs.org/keycode/-/keycode-2.2.0.tgz",
      "integrity": "sha1-PQr1bce4uOXLqNCpfxByBO7CKwQ="
    },
    "lodash.isequal": {
      "version": "4.5.0",
      "resolved": "https://registry.npmjs.org/lodash.isequal/-/lodash.isequal-4.5.0.tgz",
      "integrity": "sha1-QVxEePK8wwEgwizhDtMib30+GOA="
    },
    "loose-envify": {
      "version": "1.4.0",
      "resolved": "https://registry.npmjs.org/loose-envify/-/loose-envify-1.4.0.tgz",
      "integrity": "sha512-lyuxPGr/Wfhrlem2CL/UcnUc1zcqKAImBDzukY7Y5F/yQiNdko6+fRLevlw1HgMySw7f611UIY408EtxRSoK3Q==",
      "requires": {
        "js-tokens": "^3.0.0 || ^4.0.0"
      }
    },
    "luxon": {
      "version": "1.16.0",
      "resolved": "https://registry.npmjs.org/luxon/-/luxon-1.16.0.tgz",
      "integrity": "sha512-qaqB+JwpGwtl7UbIXng3A/l4W/ySBr8drQvwtMLZBMiLD2V+0fEnPWMrs+UjnIy9PsktazQaKvwDUCLzoWz0Hw=="
    },
    "material-ui-pickers": {
      "version": "1.0.1",
      "resolved": "https://registry.npmjs.org/material-ui-pickers/-/material-ui-pickers-1.0.1.tgz",
      "integrity": "sha512-FRJwgeFUQdQxzNAybZvf11204KFBxqKS6sg4JvAO0cWmHULXJhrc9kuEDT8F7Pomwnv6+AyfxygsoMgIRcBMNg==",
      "requires": {
        "classnames": "^2.2.6",
        "keycode": "^2.2.0",
        "react-event-listener": "^0.6.4",
        "react-text-mask": "=5.4.1",
        "react-transition-group": "^2.5.0",
        "tslib": "^1.9.3"
      }
    },
    "min-document": {
      "version": "2.19.0",
      "resolved": "https://registry.npmjs.org/min-document/-/min-document-2.19.0.tgz",
      "integrity": "sha1-e9KC4/WELtKVu3SM3Z8f+iyCRoU=",
      "dev": true,
      "requires": {
        "dom-walk": "^0.1.0"
      }
    },
    "node-fetch": {
      "version": "1.7.3",
      "resolved": "https://registry.npmjs.org/node-fetch/-/node-fetch-1.7.3.tgz",
      "integrity": "sha512-NhZ4CsKx7cYm2vSrBAr2PvFOe6sWDf0UYLRqA6svUYg7+/TSfVAu49jYC4BvQ4Sms9SZgdqGBgroqfDhJdTyKQ==",
      "requires": {
        "encoding": "^0.1.11",
        "is-stream": "^1.0.1"
      }
    },
    "normalize-scroll-left": {
      "version": "0.1.2",
      "resolved": "https://registry.npmjs.org/normalize-scroll-left/-/normalize-scroll-left-0.1.2.tgz",
      "integrity": "sha512-F9YMRls0zCF6BFIE2YnXDRpHPpfd91nOIaNdDgrx5YMoPLo8Wqj+6jNXHQsYBavJeXP4ww8HCt0xQAKc5qk2Fg=="
    },
    "object-assign": {
      "version": "4.1.1",
      "resolved": "https://registry.npmjs.org/object-assign/-/object-assign-4.1.1.tgz",
      "integrity": "sha1-IQmtx5ZYh8/AXLvUQsrIv7s2CGM="
    },
    "path-to-regexp": {
      "version": "1.7.0",
      "resolved": "https://registry.npmjs.org/path-to-regexp/-/path-to-regexp-1.7.0.tgz",
      "integrity": "sha1-Wf3g9DW62suhA6hOnTvGTpa5k30=",
      "requires": {
        "isarray": "0.0.1"
      },
      "dependencies": {
        "isarray": {
          "version": "0.0.1",
          "resolved": "https://registry.npmjs.org/isarray/-/isarray-0.0.1.tgz",
          "integrity": "sha1-ihis/Kmo9Bd+Cav8YDiTmwXR7t8="
        }
      }
    },
    "popper.js": {
      "version": "1.15.0",
      "resolved": "https://registry.npmjs.org/popper.js/-/popper.js-1.15.0.tgz",
      "integrity": "sha512-w010cY1oCUmI+9KwwlWki+r5jxKfTFDVoadl7MSrIujHU5MJ5OR6HTDj6Xo8aoR/QsA56x8jKjA59qGH4ELtrA=="
    },
    "process": {
      "version": "0.5.2",
      "resolved": "https://registry.npmjs.org/process/-/process-0.5.2.tgz",
      "integrity": "sha1-FjjYqONML0QKkduVq5rrZ3/Bhc8=",
      "dev": true
    },
    "promise": {
      "version": "7.3.1",
      "resolved": "https://registry.npmjs.org/promise/-/promise-7.3.1.tgz",
      "integrity": "sha512-nolQXZ/4L+bP/UGlkfaIujX9BKxGwmQ9OT4mOt5yvy8iK1h3wqTEJCijzGANTCCl9nWjY41juyAn2K3Q1hLLTg==",
      "requires": {
        "asap": "~2.0.3"
      }
    },
    "prop-types": {
      "version": "15.6.2",
      "resolved": "https://registry.npmjs.org/prop-types/-/prop-types-15.6.2.tgz",
      "integrity": "sha512-3pboPvLiWD7dkI3qf3KbUe6hKFKa52w+AE0VCqECtf+QHAKgOL37tTaNCnuX1nAAQ4ZhyP+kYVKf8rLmJ/feDQ==",
      "requires": {
        "loose-envify": "^1.3.1",
        "object-assign": "^4.1.1"
      }
    },
    "react": {
      "version": "16.8.6",
      "resolved": "https://registry.npmjs.org/react/-/react-16.8.6.tgz",
      "integrity": "sha512-pC0uMkhLaHm11ZSJULfOBqV4tIZkx87ZLvbbQYunNixAAvjnC+snJCg0XQXn9VIsttVsbZP/H/ewzgsd5fxKXw==",
      "requires": {
        "loose-envify": "^1.1.0",
        "object-assign": "^4.1.1",
        "prop-types": "^15.6.2",
        "scheduler": "^0.13.6"
      }
    },
    "react-apollo": {
      "version": "2.5.8",
      "resolved": "https://registry.npmjs.org/react-apollo/-/react-apollo-2.5.8.tgz",
      "integrity": "sha512-60yOQrnNosxU/tRbOxGDaYNLFcOKmQqxHPhxyvKTlGIaF/rRCXQRKixUgWVffpEupSHHD7psY5k5ZOuZsdsSGQ==",
      "requires": {
        "apollo-utilities": "^1.3.0",
        "fast-json-stable-stringify": "^2.0.0",
        "hoist-non-react-statics": "^3.3.0",
        "lodash.isequal": "^4.5.0",
        "prop-types": "^15.7.2",
        "ts-invariant": "^0.4.2",
        "tslib": "^1.9.3"
      },
      "dependencies": {
        "hoist-non-react-statics": {
          "version": "3.3.0",
          "resolved": "https://registry.npmjs.org/hoist-non-react-statics/-/hoist-non-react-statics-3.3.0.tgz",
          "integrity": "sha512-0XsbTXxgiaCDYDIWFcwkmerZPSwywfUqYmwT4jzewKTQSWoE6FCMoUVOeBJWK3E/CrWbxRG3m5GzY4lnIwGRBA==",
          "requires": {
            "react-is": "^16.7.0"
          }
        },
        "prop-types": {
          "version": "15.7.2",
          "resolved": "https://registry.npmjs.org/prop-types/-/prop-types-15.7.2.tgz",
          "integrity": "sha512-8QQikdH7//R2vurIJSutZ1smHYTcLpRWEOlHnzcWHmBYrOGUysKwSsrC89BCiFj3CbrfJ/nXFdJepOVrY1GCHQ==",
          "requires": {
            "loose-envify": "^1.4.0",
            "object-assign": "^4.1.1",
            "react-is": "^16.8.1"
          }
        }
      }
    },
    "react-dom": {
      "version": "16.8.6",
      "resolved": "https://registry.npmjs.org/react-dom/-/react-dom-16.8.6.tgz",
      "integrity": "sha512-1nL7PIq9LTL3fthPqwkvr2zY7phIPjYrT0jp4HjyEQrEROnw4dG41VVwi/wfoCneoleqrNX7iAD+pXebJZwrwA==",
      "requires": {
        "loose-envify": "^1.1.0",
        "object-assign": "^4.1.1",
        "prop-types": "^15.6.2",
        "scheduler": "^0.13.6"
      }
    },
    "react-event-listener": {
      "version": "0.6.6",
      "resolved": "https://registry.npmjs.org/react-event-listener/-/react-event-listener-0.6.6.tgz",
      "integrity": "sha512-+hCNqfy7o9wvO6UgjqFmBzARJS7qrNoda0VqzvOuioEpoEXKutiKuv92dSz6kP7rYLmyHPyYNLesi5t/aH1gfw==",
      "requires": {
        "@babel/runtime": "^7.2.0",
        "prop-types": "^15.6.0",
        "warning": "^4.0.1"
      },
      "dependencies": {
        "@babel/runtime": {
          "version": "7.4.5",
          "resolved": "https://registry.npmjs.org/@babel/runtime/-/runtime-7.4.5.tgz",
          "integrity": "sha512-TuI4qpWZP6lGOGIuGWtp9sPluqYICmbk8T/1vpSysqJxRPkudh/ofFWyqdcMsDf2s7KvDL4/YHgKyvcS3g9CJQ==",
          "requires": {
            "regenerator-runtime": "^0.13.2"
          }
        }
      }
    },
    "react-hot-loader": {
      "version": "4.3.11",
      "resolved": "https://registry.npmjs.org/react-hot-loader/-/react-hot-loader-4.3.11.tgz",
      "integrity": "sha512-T0G5jURyTsFLoiW6MTr5Q35UHC/B2pmYJ7+VBjk8yMDCEABRmCGy4g6QwxoB4pWg4/xYvVTa/Pbqnsgx/+NLuA==",
      "dev": true,
      "requires": {
        "fast-levenshtein": "^2.0.6",
        "global": "^4.3.0",
        "hoist-non-react-statics": "^2.5.0",
        "prop-types": "^15.6.1",
        "react-lifecycles-compat": "^3.0.4",
        "shallowequal": "^1.0.2"
      }
    },
    "react-is": {
      "version": "16.8.6",
      "resolved": "https://registry.npmjs.org/react-is/-/react-is-16.8.6.tgz",
      "integrity": "sha512-aUk3bHfZ2bRSVFFbbeVS4i+lNPZr3/WM5jT2J5omUVV1zzcs1nAaf3l51ctA5FFvCRbhrH0bdAsRRQddFJZPtA=="
    },
    "react-lifecycles-compat": {
      "version": "3.0.4",
      "resolved": "https://registry.npmjs.org/react-lifecycles-compat/-/react-lifecycles-compat-3.0.4.tgz",
      "integrity": "sha512-fBASbA6LnOU9dOU2eW7aQ8xmYBSXUIWr+UmF9b1efZBazGNO+rcXT/icdKnYm2pTwcRylVUYwW7H1PHfLekVzA=="
    },
    "react-router": {
      "version": "4.3.1",
      "resolved": "https://registry.npmjs.org/react-router/-/react-router-4.3.1.tgz",
      "integrity": "sha512-yrvL8AogDh2X42Dt9iknk4wF4V8bWREPirFfS9gLU1huk6qK41sg7Z/1S81jjTrGHxa3B8R3J6xIkDAA6CVarg==",
      "requires": {
        "history": "^4.7.2",
        "hoist-non-react-statics": "^2.5.0",
        "invariant": "^2.2.4",
        "loose-envify": "^1.3.1",
        "path-to-regexp": "^1.7.0",
        "prop-types": "^15.6.1",
        "warning": "^4.0.1"
      }
    },
    "react-router-dom": {
      "version": "4.3.1",
      "resolved": "https://registry.npmjs.org/react-router-dom/-/react-router-dom-4.3.1.tgz",
      "integrity": "sha512-c/MlywfxDdCp7EnB7YfPMOfMD3tOtIjrQlj/CKfNMBxdmpJP8xcz5P/UAFn3JbnQCNUxsHyVVqllF9LhgVyFCA==",
      "requires": {
        "history": "^4.7.2",
        "invariant": "^2.2.4",
        "loose-envify": "^1.3.1",
        "prop-types": "^15.6.1",
        "react-router": "^4.3.1",
        "warning": "^4.0.1"
      }
    },
    "react-text-mask": {
      "version": "5.4.1",
      "resolved": "https://registry.npmjs.org/react-text-mask/-/react-text-mask-5.4.1.tgz",
      "integrity": "sha512-mGx1n0x0skktwsKcpgAGnrgExFlXDflbWEHh8PC1UaQP8+EdHkW7JYczTghsBo2rnVwU9/4A9x/2bVt3HY46/w==",
      "requires": {
        "prop-types": "^15.5.6"
      }
    },
    "react-transition-group": {
      "version": "2.9.0",
      "resolved": "https://registry.npmjs.org/react-transition-group/-/react-transition-group-2.9.0.tgz",
      "integrity": "sha512-+HzNTCHpeQyl4MJ/bdE0u6XRMe9+XG/+aL4mCxVN4DnPBQ0/5bfHWPDuOZUzYdMj94daZaZdCCc1Dzt9R/xSSg==",
      "requires": {
        "dom-helpers": "^3.4.0",
        "loose-envify": "^1.4.0",
        "prop-types": "^15.6.2",
        "react-lifecycles-compat": "^3.0.4"
      }
    },
    "recompose": {
      "version": "0.30.0",
      "resolved": "https://registry.npmjs.org/recompose/-/recompose-0.30.0.tgz",
      "integrity": "sha512-ZTrzzUDa9AqUIhRk4KmVFihH0rapdCSMFXjhHbNrjAWxBuUD/guYlyysMnuHjlZC/KRiOKRtB4jf96yYSkKE8w==",
      "requires": {
        "@babel/runtime": "^7.0.0",
        "change-emitter": "^0.1.2",
        "fbjs": "^0.8.1",
        "hoist-non-react-statics": "^2.3.1",
        "react-lifecycles-compat": "^3.0.2",
        "symbol-observable": "^1.0.4"
      }
    },
    "regenerator-runtime": {
      "version": "0.13.2",
      "resolved": "https://registry.npmjs.org/regenerator-runtime/-/regenerator-runtime-0.13.2.tgz",
      "integrity": "sha512-S/TQAZJO+D3m9xeN1WTI8dLKBBiRgXBlTJvbWjCThHWZj9EvHK70Ff50/tYj2J/fvBY6JtFVwRuazHN2E7M9BA=="
    },
    "resolve-pathname": {
      "version": "2.2.0",
      "resolved": "https://registry.npmjs.org/resolve-pathname/-/resolve-pathname-2.2.0.tgz",
      "integrity": "sha512-bAFz9ld18RzJfddgrO2e/0S2O81710++chRMUxHjXOYKF6jTAMrUNZrEZ1PvV0zlhfjidm08iRPdTLPno1FuRg=="
    },
    "safer-buffer": {
      "version": "2.1.2",
      "resolved": "https://registry.npmjs.org/safer-buffer/-/safer-buffer-2.1.2.tgz",
      "integrity": "sha512-YZo3K82SD7Riyi0E1EQPojLz7kpepnSQI9IyPbHHg1XXXevb5dJI7tpyN2ADxGcQbHG7vcyRHk0cbwqcQriUtg=="
    },
    "scheduler": {
      "version": "0.13.6",
      "resolved": "https://registry.npmjs.org/scheduler/-/scheduler-0.13.6.tgz",
      "integrity": "sha512-IWnObHt413ucAYKsD9J1QShUKkbKLQQHdxRyw73sw4FN26iWr3DY/H34xGPe4nmL1DwXyWmSWmMrA9TfQbE/XQ==",
      "requires": {
        "loose-envify": "^1.1.0",
        "object-assign": "^4.1.1"
      }
    },
    "setimmediate": {
      "version": "1.0.5",
      "resolved": "https://registry.npmjs.org/setimmediate/-/setimmediate-1.0.5.tgz",
      "integrity": "sha1-KQy7Iy4waULX1+qbg3Mqt4VvgoU="
    },
    "shallowequal": {
      "version": "1.1.0",
      "resolved": "https://registry.npmjs.org/shallowequal/-/shallowequal-1.1.0.tgz",
      "integrity": "sha512-y0m1JoUZSlPAjXVtPPW70aZWfIL/dSP7AFkRnniLCrK/8MDKog3TySTBmckD+RObVxH0v4Tox67+F14PdED2oQ==",
      "dev": true
    },
    "symbol-observable": {
      "version": "1.2.0",
      "resolved": "https://registry.npmjs.org/symbol-observable/-/symbol-observable-1.2.0.tgz",
      "integrity": "sha512-e900nM8RRtGhlV36KGEU9k65K3mPb1WV70OdjfxlG2EAuM1noi/E/BaW/uMhL7bPEssK8QV57vN3esixjUvcXQ=="
    },
    "ts-invariant": {
      "version": "0.4.4",
      "resolved": "https://registry.npmjs.org/ts-invariant/-/ts-invariant-0.4.4.tgz",
      "integrity": "sha512-uEtWkFM/sdZvRNNDL3Ehu4WVpwaulhwQszV8mrtcdeE8nN00BV9mAmQ88RkrBhFgl9gMgvjJLAQcZbnPXI9mlA==",
      "requires": {
        "tslib": "^1.9.3"
      }
    },
    "tslib": {
      "version": "1.10.0",
      "resolved": "https://registry.npmjs.org/tslib/-/tslib-1.10.0.tgz",
      "integrity": "sha512-qOebF53frne81cf0S9B41ByenJ3/IuH8yJKngAX35CmiZySA0khhkovshKK+jGCaMnVomla7gVlIcc3EvKPbTQ=="
    },
    "ua-parser-js": {
      "version": "0.7.18",
      "resolved": "https://registry.npmjs.org/ua-parser-js/-/ua-parser-js-0.7.18.tgz",
      "integrity": "sha512-LtzwHlVHwFGTptfNSgezHp7WUlwiqb0gA9AALRbKaERfxwJoiX0A73QbTToxteIAuIaFshhgIZfqK8s7clqgnA=="
    },
    "value-equal": {
      "version": "0.4.0",
      "resolved": "https://registry.npmjs.org/value-equal/-/value-equal-0.4.0.tgz",
      "integrity": "sha512-x+cYdNnaA3CxvMaTX0INdTCN8m8aF2uY9BvEqmxuYp8bL09cs/kWVQPVGcA35fMktdOsP69IgU7wFj/61dJHEw=="
    },
    "warning": {
      "version": "4.0.2",
      "resolved": "https://registry.npmjs.org/warning/-/warning-4.0.2.tgz",
      "integrity": "sha512-wbTp09q/9C+jJn4KKJfJfoS6VleK/Dti0yqWSm6KMvJ4MRCXFQNapHuJXutJIrWV0Cf4AhTdeIe4qdKHR1+Hug==",
      "requires": {
        "loose-envify": "^1.0.0"
      }
    },
    "whatwg-fetch": {
      "version": "2.0.4",
      "resolved": "https://registry.npmjs.org/whatwg-fetch/-/whatwg-fetch-2.0.4.tgz",
      "integrity": "sha512-dcQ1GWpOD/eEQ97k66aiEVpNnapVj90/+R+SXTPYGHpYBBypfKJEQjLrvMZ7YXbKm21gXd4NcuxUTjiv1YtLng=="
    },
    "zen-observable": {
      "version": "0.8.14",
      "resolved": "https://registry.npmjs.org/zen-observable/-/zen-observable-0.8.14.tgz",
      "integrity": "sha512-kQz39uonEjEESwh+qCi83kcC3rZJGh4mrZW7xjkSQYXkq//JZHTtKo+6yuVloTgMtzsIWOJrjIrKvk/dqm0L5g=="
    },
    "zen-observable-ts": {
      "version": "0.8.19",
      "resolved": "https://registry.npmjs.org/zen-observable-ts/-/zen-observable-ts-0.8.19.tgz",
      "integrity": "sha512-u1a2rpE13G+jSzrg3aiCqXU5tN2kw41b+cBZGmnc+30YimdkKiDj9bTowcB41eL77/17RF/h+393AuVgShyheQ==",
      "requires": {
        "tslib": "^1.9.3",
        "zen-observable": "^0.8.0"
      }
    }
  }
}
