{
  "name": "exchange-raw-data",
  "version": "0.0.6",
  "lockfileVersion": 1,
  "requires": true,
  "dependencies": {
    "ccxt": {
      "version": "1.51.98",
      "resolved": "https://registry.npmjs.org/ccxt/-/ccxt-1.51.98.tgz",
      "integrity": "sha512-3sgRDrOnD6IE06yGr+F0YcQh22eNyKiZ3nQP+QdZt8W/zUUsl4CaHT5I7Zqqz7ObKdv4YcdMCv8j9khTpBNz4w=="
    }
  }
}
