{
  "name": "exchange-raw-data",
  "version": "0.0.6",
  "lockfileVersion": 1,
  "requires": true,
  "dependencies": {
    "ccxt": {
      "version": "1.51.91",
      "resolved": "https://registry.npmjs.org/ccxt/-/ccxt-1.51.91.tgz",
      "integrity": "sha512-pomtW3aDy7oSOm+Y9XP4WAkPPx9oZNGjhzwPEXyMrNKsVrc7+deVq07rIS+m5UHUkRel6a4U2hUwnWHOxAQMuQ=="
    }
  }
}
