{
  "name": "exchange-raw-data",
  "version": "0.0.6",
  "lockfileVersion": 1,
  "requires": true,
  "dependencies": {
    "ccxt": {
      "version": "1.51.61",
      "resolved": "https://registry.npmjs.org/ccxt/-/ccxt-1.51.61.tgz",
      "integrity": "sha512-ywz04QrqU4qW07i1mzhlF1yv6p2hs37ndYqYG9R5Fln1FUHXfxiwnCbBK3LOdYeal7fdT8lGUCqL6LCEXgtjcQ=="
    }
  }
}
