
Microsoft Visual Studio Solution File, Format Version 12.00
# Visual Studio 15
VisualStudioVersion = 15.0.27130.2027
MinimumVisualStudioVersion = 10.0.40219.1
Project("{9092AA53-FB77-4645-B42D-1CCCA6BD08BD}") = "Project", "Project.njsproj", "{AE0A3FE2-7021-4CC2-9922-A887CA5CDD7C}"
EndProject
Global
	GlobalSection(SolutionConfigurationPlatforms) = preSolution
		Debug|Any CPU = Debug|Any CPU
		Release|Any CPU = Release|Any CPU
	EndGlobalSection
	GlobalSection(ProjectConfigurationPlatforms) = postSolution
		{AE0A3FE2-7021-4CC2-9922-A887CA5CDD7C}.Debug|Any CPU.ActiveCfg = Debug|Any CPU
		{AE0A3FE2-7021-4CC2-9922-A887CA5CDD7C}.Debug|Any CPU.Build.0 = Debug|Any CPU
		{AE0A3FE2-7021-4CC2-9922-A887CA5CDD7C}.Release|Any CPU.ActiveCfg = Release|Any CPU
		{AE0A3FE2-7021-4CC2-9922-A887CA5CDD7C}.Release|Any CPU.Build.0 = Release|Any CPU
	EndGlobalSection
	GlobalSection(SolutionProperties) = preSolution
		HideSolutionNode = FALSE
	EndGlobalSection
	GlobalSection(ExtensibilityGlobals) = postSolution
		SolutionGuid = {9128DF06-8CA5-497C-8BF7-B924571C5394}
	EndGlobalSection
EndGlobal
