{
  "name": "AAWeb",
  "version": "0.0.0",
  "lockfileVersion": 1,
  "requires": true,
  "dependencies": {
    "@azure/ms-rest-js": {
      "version": "1.2.3",
      "resolved": "https://registry.npmjs.org/@azure/ms-rest-js/-/ms-rest-js-1.2.3.tgz",
      "integrity": "sha512-eROQ034b+9v0Hd3wETKi/EwF5pqS3VRAk1Lm8iKVPOP8v30f6Zfzsi420MRfBMsbNCx/mE2N0L65Px7tvcGfVg==",
      "requires": {
        "axios": "0.18.0",
        "form-data": "2.3.2",
        "tough-cookie": "2.4.3",
        "tslib": "1.9.3",
        "uuid": "3.2.1",
        "xml2js": "0.4.19"
      },
      "dependencies": {
        "sax": {
          "version": "1.2.4",
          "resolved": "https://registry.npmjs.org/sax/-/sax-1.2.4.tgz",
          "integrity": "sha512-NqVDv9TpANUjFm0N8uM5GxL36UgKi9/atZw+x7YFnQ8ckwFGKrl4xX4yWtrey3UJm5nP1kUbnYgLopqWNSRhWw=="
        },
        "xml2js": {
          "version": "0.4.19",
          "resolved": "https://registry.npmjs.org/xml2js/-/xml2js-0.4.19.tgz",
          "integrity": "sha512-esZnJZJOiJR9wWKMyuvSE1y6Dq5LCuJanqhxslH2bxM6duahNZ+HMpCLhBQGZkbX6xRf8x1Y2eJlgt2q3qo49Q==",
          "requires": {
            "sax": "1.2.4",
            "xmlbuilder": "9.0.7"
          }
        },
        "xmlbuilder": {
          "version": "9.0.7",
          "resolved": "https://registry.npmjs.org/xmlbuilder/-/xmlbuilder-9.0.7.tgz",
          "integrity": "sha1-Ey7mPS7FVlxVfiD0wi35rKaGsQ0="
        }
      }
    },
    "@azure/storage-blob": {
      "version": "10.3.0",
      "resolved": "https://registry.npmjs.org/@azure/storage-blob/-/storage-blob-10.3.0.tgz",
      "integrity": "sha512-KZbJ3q8RpAdeIB5Em1lgXkiq7Mll9bSHHbHavOFMepkkF7HQa3Sez9FdkAVIkVVWK5YoBlshBGZ+mtiSQiS9Fw==",
      "requires": {
        "@azure/ms-rest-js": "1.2.3",
        "events": "3.0.0",
        "tslib": "1.9.3"
      }
    },
    "@octokit/rest": {
      "version": "14.0.9",
      "resolved": "https://registry.npmjs.org/@octokit/rest/-/rest-14.0.9.tgz",
      "integrity": "sha512-irP9phKfTXEZIcW2R+VNCtGHZJrXMWmSYp6RRfFn4BtAqtDRXF5z9JxCEQlAhNBf6X1koNi5k49tIAAAEJNlVQ==",
      "requires": {
        "before-after-hook": "1.1.0",
        "debug": "3.1.0",
        "is-array-buffer": "1.0.0",
        "is-stream": "1.1.0",
        "lodash": "4.17.11",
        "url-template": "2.0.8"
      }
    },
    "@superalgos/mqservice": {
      "version": "0.0.8",
      "resolved": "https://registry.npmjs.org/@superalgos/mqservice/-/mqservice-0.0.8.tgz",
      "integrity": "sha512-r25K5sNe12heONEVC3wrSGuj90evXNx5G9z0Hn2v6+WDYougE5gsiH8VCpfRWjRRCk5MUtt3Cn+C8QYxLKZoPQ=="
    },
    "ajv": {
      "version": "5.5.2",
      "resolved": "https://registry.npmjs.org/ajv/-/ajv-5.5.2.tgz",
      "integrity": "sha1-c7Xuyj+rZT49P5Qis0GtQiBdyWU=",
      "requires": {
        "co": "4.6.0",
        "fast-deep-equal": "1.1.0",
        "fast-json-stable-stringify": "2.0.0",
        "json-schema-traverse": "0.3.1"
      }
    },
    "asn1": {
      "version": "0.2.4",
      "resolved": "https://registry.npmjs.org/asn1/-/asn1-0.2.4.tgz",
      "integrity": "sha512-jxwzQpLQjSmWXgwaCZE9Nz+glAG01yF1QnWgbhGwHI5A6FRIEY6IVqtHhIepHqI7/kyEyQEagBC5mBEFlIYvdg==",
      "requires": {
        "safer-buffer": "2.1.2"
      }
    },
    "assert-plus": {
      "version": "1.0.0",
      "resolved": "https://registry.npmjs.org/assert-plus/-/assert-plus-1.0.0.tgz",
      "integrity": "sha1-8S4PPF13sLHN2RRpQuTpbB5N1SU="
    },
    "async": {
      "version": "2.6.2",
      "resolved": "https://registry.npmjs.org/async/-/async-2.6.2.tgz",
      "integrity": "sha512-H1qVYh1MYhEEFLsP97cVKqCGo7KfCyTt6uEWqsTBr9SO84oK9Uwbyd/yCW+6rKJLHksBNUVWZDAjfS+Ccx0Bbg==",
      "requires": {
        "lodash": "4.17.11"
      }
    },
    "asynckit": {
      "version": "0.4.0",
      "resolved": "https://registry.npmjs.org/asynckit/-/asynckit-0.4.0.tgz",
      "integrity": "sha1-x57Zf380y48robyXkLzDZkdLS3k="
    },
    "atob": {
      "version": "2.1.2",
      "resolved": "https://registry.npmjs.org/atob/-/atob-2.1.2.tgz",
      "integrity": "sha512-Wm6ukoaOGJi/73p/cl2GvLjTI5JM1k/O14isD73YML8StrH/7/lRFgmg8nICZgD3bZZvjwCGxtMOD3wWNAu8cg=="
    },
    "aws-sign2": {
      "version": "0.7.0",
      "resolved": "https://registry.npmjs.org/aws-sign2/-/aws-sign2-0.7.0.tgz",
      "integrity": "sha1-tG6JCTSpWR8tL2+G1+ap8bP+dqg="
    },
    "aws4": {
      "version": "1.8.0",
      "resolved": "https://registry.npmjs.org/aws4/-/aws4-1.8.0.tgz",
      "integrity": "sha512-ReZxvNHIOv88FlT7rxcXIIC0fPt4KZqZbOlivyWtXLt8ESx84zd3kMC6iK5jVeS2qt+g7ftS7ye4fi06X5rtRQ=="
    },
    "axios": {
      "version": "0.18.0",
      "resolved": "https://registry.npmjs.org/axios/-/axios-0.18.0.tgz",
      "integrity": "sha1-MtU+SFHv3AoRmTts0AB4nXDAUQI=",
      "requires": {
        "follow-redirects": "1.7.0",
        "is-buffer": "1.1.6"
      }
    },
    "azure-storage": {
      "version": "2.10.2",
      "resolved": "https://registry.npmjs.org/azure-storage/-/azure-storage-2.10.2.tgz",
      "integrity": "sha512-pOyGPya9+NDpAfm5YcFfklo57HfjDbYLXxs4lomPwvRxmb0Di/A+a+RkUmEFzaQ8S13CqxK40bRRB0sjj2ZQxA==",
      "requires": {
        "browserify-mime": "1.2.9",
        "extend": "3.0.2",
        "json-edm-parser": "0.1.2",
        "md5.js": "1.3.4",
        "readable-stream": "2.0.6",
        "request": "2.88.0",
        "underscore": "1.8.3",
        "uuid": "3.2.1",
        "validator": "9.4.1",
        "xml2js": "0.2.8",
        "xmlbuilder": "9.0.7"
      }
    },
    "bcrypt-pbkdf": {
      "version": "1.0.2",
      "resolved": "https://registry.npmjs.org/bcrypt-pbkdf/-/bcrypt-pbkdf-1.0.2.tgz",
      "integrity": "sha1-pDAdOJtqQ/m2f/PKEaP2Y342Dp4=",
      "optional": true,
      "requires": {
        "tweetnacl": "0.14.5"
      }
    },
    "before-after-hook": {
      "version": "1.1.0",
      "resolved": "https://registry.npmjs.org/before-after-hook/-/before-after-hook-1.1.0.tgz",
      "integrity": "sha512-VOMDtYPwLbIncTxNoSzRyvaMxtXmLWLUqr8k5AfC1BzLk34HvBXaQX8snOwQZ4c0aX8aSERqtJSiI9/m2u5kuA=="
    },
    "block-stream2": {
      "version": "1.1.0",
      "resolved": "https://registry.npmjs.org/block-stream2/-/block-stream2-1.1.0.tgz",
      "integrity": "sha1-xzjjqRupd+u14f70MeE8oR2GOeI=",
      "requires": {
        "defined": "1.0.0",
        "inherits": "2.0.3",
        "readable-stream": "2.0.6"
      }
    },
    "browserify-mime": {
      "version": "1.2.9",
      "resolved": "https://registry.npmjs.org/browserify-mime/-/browserify-mime-1.2.9.tgz",
      "integrity": "sha1-rrGvKN5sDXpqLOQK22j/GEIq8x8="
    },
    "buffer-from": {
      "version": "1.1.1",
      "resolved": "https://registry.npmjs.org/buffer-from/-/buffer-from-1.1.1.tgz",
      "integrity": "sha512-MQcXEUbCKtEo7bhqEs6560Hyd4XaovZlO/k9V3hjVUF/zwW7KBVdSK4gIt/bzwS9MbR5qob+F5jusZsb0YQK2A=="
    },
    "caseless": {
      "version": "0.12.0",
      "resolved": "https://registry.npmjs.org/caseless/-/caseless-0.12.0.tgz",
      "integrity": "sha1-G2gcIf+EAzyCZUMJBolCDRhxUdw="
    },
    "co": {
      "version": "4.6.0",
      "resolved": "https://registry.npmjs.org/co/-/co-4.6.0.tgz",
      "integrity": "sha1-bqa989hTrlTMuOR7+gvz+QMfsYQ="
    },
    "color": {
      "version": "3.0.0",
      "resolved": "https://registry.npmjs.org/color/-/color-3.0.0.tgz",
      "integrity": "sha512-jCpd5+s0s0t7p3pHQKpnJ0TpQKKdleP71LWcA0aqiljpiuAkOSUFN/dyH8ZwF0hRmFlrIuRhufds1QyEP9EB+w==",
      "requires": {
        "color-convert": "1.9.3",
        "color-string": "1.5.3"
      }
    },
    "color-convert": {
      "version": "1.9.3",
      "resolved": "https://registry.npmjs.org/color-convert/-/color-convert-1.9.3.tgz",
      "integrity": "sha512-QfAUtd+vFdAtFQcC8CCyYt1fYWxSqAiK2cSD6zDB8N3cpsEBAvRxp9zOGg6G/SHHJYAT88/az/IuDGALsNVbGg==",
      "requires": {
        "color-name": "1.1.3"
      }
    },
    "color-name": {
      "version": "1.1.3",
      "resolved": "https://registry.npmjs.org/color-name/-/color-name-1.1.3.tgz",
      "integrity": "sha1-p9BVi9icQveV3UIyj3QIMcpTvCU="
    },
    "color-string": {
      "version": "1.5.3",
      "resolved": "https://registry.npmjs.org/color-string/-/color-string-1.5.3.tgz",
      "integrity": "sha512-dC2C5qeWoYkxki5UAXapdjqO672AM4vZuPGRQfO8b5HKuKGBbKWpITyDYN7TOFKvRW7kOgAn3746clDBMDJyQw==",
      "requires": {
        "color-name": "1.1.3",
        "simple-swizzle": "0.2.2"
      }
    },
    "colornames": {
      "version": "1.1.1",
      "resolved": "https://registry.npmjs.org/colornames/-/colornames-1.1.1.tgz",
      "integrity": "sha1-+IiQMGhcfE/54qVZ9Qd+t2qBb5Y="
    },
    "colors": {
      "version": "1.3.3",
      "resolved": "https://registry.npmjs.org/colors/-/colors-1.3.3.tgz",
      "integrity": "sha512-mmGt/1pZqYRjMxB1axhTo16/snVZ5krrKkcmMeVKxzECMMXoCgnvTPp10QgHfcbQZw8Dq2jMNG6je4JlWU0gWg=="
    },
    "colorspace": {
      "version": "1.1.1",
      "resolved": "https://registry.npmjs.org/colorspace/-/colorspace-1.1.1.tgz",
      "integrity": "sha512-pI3btWyiuz7Ken0BWh9Elzsmv2bM9AhA7psXib4anUXy/orfZ/E0MbQwhSOG/9L8hLlalqrU0UhOuqxW1YjmVw==",
      "requires": {
        "color": "3.0.0",
        "text-hex": "1.0.0"
      }
    },
    "combined-stream": {
      "version": "1.0.7",
      "resolved": "https://registry.npmjs.org/combined-stream/-/combined-stream-1.0.7.tgz",
      "integrity": "sha512-brWl9y6vOB1xYPZcpZde3N9zDByXTosAeMDo4p1wzo6UMOX4vumB+TP1RZ76sfE6Md68Q0NJSrE/gbezd4Ul+w==",
      "requires": {
        "delayed-stream": "1.0.0"
      }
    },
    "concat-stream": {
      "version": "1.6.2",
      "resolved": "https://registry.npmjs.org/concat-stream/-/concat-stream-1.6.2.tgz",
      "integrity": "sha512-27HBghJxjiZtIk3Ycvn/4kbJk/1uZuJFfuPEns6LaEvpvG1f0hTea8lilrouyo9mVc2GWdcEZ8OLoGmSADlrCw==",
      "requires": {
        "buffer-from": "1.1.1",
        "inherits": "2.0.3",
        "readable-stream": "2.3.6",
        "typedarray": "0.0.6"
      },
      "dependencies": {
        "process-nextick-args": {
          "version": "2.0.0",
          "resolved": "https://registry.npmjs.org/process-nextick-args/-/process-nextick-args-2.0.0.tgz",
          "integrity": "sha512-MtEC1TqN0EU5nephaJ4rAtThHtC86dNN9qCuEhtshvpVBkAW5ZO7BASN9REnF9eoXGcRub+pFuKEpOHE+HbEMw=="
        },
        "readable-stream": {
          "version": "2.3.6",
          "resolved": "https://registry.npmjs.org/readable-stream/-/readable-stream-2.3.6.tgz",
          "integrity": "sha512-tQtKA9WIAhBF3+VLAseyMqZeBjW0AHJoxOtYqSUZNJxauErmLbVm2FW1y+J/YA9dUrAC39ITejlZWhVIwawkKw==",
          "requires": {
            "core-util-is": "1.0.2",
            "inherits": "2.0.3",
            "isarray": "1.0.0",
            "process-nextick-args": "2.0.0",
            "safe-buffer": "5.1.2",
            "string_decoder": "1.1.1",
            "util-deprecate": "1.0.2"
          }
        },
        "string_decoder": {
          "version": "1.1.1",
          "resolved": "https://registry.npmjs.org/string_decoder/-/string_decoder-1.1.1.tgz",
          "integrity": "sha512-n/ShnvDi6FHbbVfviro+WojiFzv+s8MPMHBczVePfUpDJLwoLT0ht1l4YwBCbi8pJAveEEdnkHyPyTP/mzRfwg==",
          "requires": {
            "safe-buffer": "5.1.2"
          }
        }
      }
    },
    "core-util-is": {
      "version": "1.0.2",
      "resolved": "https://registry.npmjs.org/core-util-is/-/core-util-is-1.0.2.tgz",
      "integrity": "sha1-tf1UIgqivFq1eqtxQMlAdUUDwac="
    },
    "dashdash": {
      "version": "1.14.1",
      "resolved": "https://registry.npmjs.org/dashdash/-/dashdash-1.14.1.tgz",
      "integrity": "sha1-hTz6D3y+L+1d4gMmuN1YEDX24vA=",
      "requires": {
        "assert-plus": "1.0.0"
      }
    },
    "debug": {
      "version": "3.1.0",
      "resolved": "https://registry.npmjs.org/debug/-/debug-3.1.0.tgz",
      "integrity": "sha512-OX8XqP7/1a9cqkxYw2yXss15f26NKWBpDXQd0/uK/KPqdQhxbPa994hnzjcE2VqQpDslf55723cKPUOGSmMY3g==",
      "requires": {
        "ms": "2.0.0"
      }
    },
    "defined": {
      "version": "1.0.0",
      "resolved": "https://registry.npmjs.org/defined/-/defined-1.0.0.tgz",
      "integrity": "sha1-yY2bzvdWdBiOEQlpFRGZ45sfppM="
    },
    "delayed-stream": {
      "version": "1.0.0",
      "resolved": "https://registry.npmjs.org/delayed-stream/-/delayed-stream-1.0.0.tgz",
      "integrity": "sha1-3zrhmayt+31ECqrgsp4icrJOxhk="
    },
    "diagnostics": {
      "version": "1.1.1",
      "resolved": "https://registry.npmjs.org/diagnostics/-/diagnostics-1.1.1.tgz",
      "integrity": "sha512-8wn1PmdunLJ9Tqbx+Fx/ZEuHfJf4NKSN2ZBj7SJC/OWRWha843+WsTjqMe1B5E3p28jqBlp+mJ2fPVxPyNgYKQ==",
      "requires": {
        "colorspace": "1.1.1",
        "enabled": "1.0.2",
        "kuler": "1.0.1"
      }
    },
    "dotenv": {
      "version": "6.2.0",
      "resolved": "https://registry.npmjs.org/dotenv/-/dotenv-6.2.0.tgz",
      "integrity": "sha512-HygQCKUBSFl8wKQZBSemMywRWcEDNidvNbjGVyZu3nbZ8qq9ubiPoGLMdRDpfSrpkkm9BXYFkpKxxFX38o/76w=="
    },
    "ecc-jsbn": {
      "version": "0.1.2",
      "resolved": "https://registry.npmjs.org/ecc-jsbn/-/ecc-jsbn-0.1.2.tgz",
      "integrity": "sha1-OoOpBOVDUyh4dMVkt1SThoSamMk=",
      "optional": true,
      "requires": {
        "jsbn": "0.1.1",
        "safer-buffer": "2.1.2"
      }
    },
    "enabled": {
      "version": "1.0.2",
      "resolved": "https://registry.npmjs.org/enabled/-/enabled-1.0.2.tgz",
      "integrity": "sha1-ll9lE9LC0cX0ZStkouM5ZGf8L5M=",
      "requires": {
        "env-variable": "0.0.5"
      }
    },
    "encoding": {
      "version": "0.1.12",
      "resolved": "https://registry.npmjs.org/encoding/-/encoding-0.1.12.tgz",
      "integrity": "sha1-U4tm8+5izRq1HsMjgp0flIDHS+s=",
      "requires": {
        "iconv-lite": "0.4.24"
      }
    },
    "env-variable": {
      "version": "0.0.5",
      "resolved": "https://registry.npmjs.org/env-variable/-/env-variable-0.0.5.tgz",
      "integrity": "sha512-zoB603vQReOFvTg5xMl9I1P2PnHsHQQKTEowsKKD7nseUfJq6UWzK+4YtlWUO1nhiQUxe6XMkk+JleSZD1NZFA=="
    },
    "es6-error": {
      "version": "2.1.1",
      "resolved": "https://registry.npmjs.org/es6-error/-/es6-error-2.1.1.tgz",
      "integrity": "sha1-kThDAexe0cmnJH0RKCRyFvA1R80="
    },
    "events": {
      "version": "3.0.0",
      "resolved": "https://registry.npmjs.org/events/-/events-3.0.0.tgz",
      "integrity": "sha512-Dc381HFWJzEOhQ+d8pkNon++bk9h6cdAoAj4iE6Q4y6xgTzySWXlKn05/TVNpjnfRqi/X0EpJEJohPjNI3zpVA=="
    },
    "extend": {
      "version": "3.0.2",
      "resolved": "https://registry.npmjs.org/extend/-/extend-3.0.2.tgz",
      "integrity": "sha512-fjquC59cD7CyW6urNXK0FBufkZcoiGG80wTuPujX590cB5Ttln20E2UB4S/WARVqhXffZl2LNgS+gQdPIIim/g=="
    },
    "extsprintf": {
      "version": "1.3.0",
      "resolved": "https://registry.npmjs.org/extsprintf/-/extsprintf-1.3.0.tgz",
      "integrity": "sha1-lpGEQOMEGnpBT4xS48V06zw+HgU="
    },
    "fast-deep-equal": {
      "version": "1.1.0",
      "resolved": "https://registry.npmjs.org/fast-deep-equal/-/fast-deep-equal-1.1.0.tgz",
      "integrity": "sha1-wFNHeBfIa1HaqFPIHgWbcz0CNhQ="
    },
    "fast-json-stable-stringify": {
      "version": "2.0.0",
      "resolved": "https://registry.npmjs.org/fast-json-stable-stringify/-/fast-json-stable-stringify-2.0.0.tgz",
      "integrity": "sha1-1RQsDK7msRifh9OnYREGT4bIu/I="
    },
    "fast-safe-stringify": {
      "version": "2.0.6",
      "resolved": "https://registry.npmjs.org/fast-safe-stringify/-/fast-safe-stringify-2.0.6.tgz",
      "integrity": "sha512-q8BZ89jjc+mz08rSxROs8VsrBBcn1SIw1kq9NjolL509tkABRk9io01RAjSaEv1Xb2uFLt8VtRiZbGp5H8iDtg=="
    },
    "fecha": {
      "version": "2.3.3",
      "resolved": "https://registry.npmjs.org/fecha/-/fecha-2.3.3.tgz",
      "integrity": "sha512-lUGBnIamTAwk4znq5BcqsDaxSmZ9nDVJaij6NvRt/Tg4R69gERA+otPKbS86ROw9nxVMw2/mp1fnaiWqbs6Sdg=="
    },
    "follow-redirects": {
      "version": "1.7.0",
      "resolved": "https://registry.npmjs.org/follow-redirects/-/follow-redirects-1.7.0.tgz",
      "integrity": "sha512-m/pZQy4Gj287eNy94nivy5wchN3Kp+Q5WgUPNy5lJSZ3sgkVKSYV/ZChMAQVIgx1SqfZ2zBZtPA2YlXIWxxJOQ==",
      "requires": {
        "debug": "3.2.6"
      },
      "dependencies": {
        "debug": {
          "version": "3.2.6",
          "resolved": "https://registry.npmjs.org/debug/-/debug-3.2.6.tgz",
          "integrity": "sha512-mel+jf7nrtEl5Pn1Qx46zARXKDpBbvzezse7p7LqINmdoIk8PYP5SySaxEmYv6TZ0JyEKA1hsCId6DIhgITtWQ==",
          "requires": {
            "ms": "2.1.1"
          }
        },
        "ms": {
          "version": "2.1.1",
          "resolved": "https://registry.npmjs.org/ms/-/ms-2.1.1.tgz",
          "integrity": "sha512-tgp+dl5cGk28utYktBsrFqA7HKgrhgPsg6Z/EfhWI4gl1Hwq8B/GmY/0oXZ6nF8hDVesS/FpnYaD/kOWhYQvyg=="
        }
      }
    },
    "forever-agent": {
      "version": "0.6.1",
      "resolved": "https://registry.npmjs.org/forever-agent/-/forever-agent-0.6.1.tgz",
      "integrity": "sha1-+8cfDEGt6zf5bFd60e1C2P2sypE="
    },
    "form-data": {
      "version": "2.3.2",
      "resolved": "https://registry.npmjs.org/form-data/-/form-data-2.3.2.tgz",
      "integrity": "sha1-SXBJi+YEwgwAXU9cI67NIda0kJk=",
      "requires": {
        "asynckit": "0.4.0",
        "combined-stream": "1.0.6",
        "mime-types": "2.1.20"
      },
      "dependencies": {
        "combined-stream": {
          "version": "1.0.6",
          "resolved": "http://registry.npmjs.org/combined-stream/-/combined-stream-1.0.6.tgz",
          "integrity": "sha1-cj599ugBrFYTETp+RFqbactjKBg=",
          "requires": {
            "delayed-stream": "1.0.0"
          }
        }
      }
    },
    "getpass": {
      "version": "0.1.7",
      "resolved": "https://registry.npmjs.org/getpass/-/getpass-0.1.7.tgz",
      "integrity": "sha1-Xv+OPmhNVprkyysSgmBOi6YhSfo=",
      "requires": {
        "assert-plus": "1.0.0"
      }
    },
    "graphql": {
      "version": "14.2.0",
      "resolved": "https://registry.npmjs.org/graphql/-/graphql-14.2.0.tgz",
      "integrity": "sha512-dlFHRtxsL4sBy1C1e3v64IUd5ndZhAOHZ/z3Dr4Nm6+cvr9elrnz4BhMF9h9mRBBnhUCGLc4GH4xvPbKG6sUeA==",
      "requires": {
        "iterall": "1.2.2"
      }
    },
    "graphql-client": {
      "version": "2.0.1",
      "resolved": "https://registry.npmjs.org/graphql-client/-/graphql-client-2.0.1.tgz",
      "integrity": "sha512-XXdjUD3mwsBDcUB7g+iXQeRt+3gmIbvA/Yx1nE5aq2RQmaJwiH4hEoYw27AW8cDR90pCrPlHJAb1jJq3zUMbZA==",
      "requires": {
        "isomorphic-fetch": "2.2.1"
      }
    },
    "har-schema": {
      "version": "2.0.0",
      "resolved": "https://registry.npmjs.org/har-schema/-/har-schema-2.0.0.tgz",
      "integrity": "sha1-qUwiJOvKwEeCoNkDVSHyRzW37JI="
    },
    "har-validator": {
      "version": "5.1.0",
      "resolved": "https://registry.npmjs.org/har-validator/-/har-validator-5.1.0.tgz",
      "integrity": "sha512-+qnmNjI4OfH2ipQ9VQOw23bBd/ibtfbVdK2fYbY4acTDqKTW/YDp9McimZdDbG8iV9fZizUqQMD5xvriB146TA==",
      "requires": {
        "ajv": "5.5.2",
        "har-schema": "2.0.0"
      }
    },
    "hash-base": {
      "version": "3.0.4",
      "resolved": "https://registry.npmjs.org/hash-base/-/hash-base-3.0.4.tgz",
      "integrity": "sha1-X8hoaEfs1zSZQDMZprCj8/auSRg=",
      "requires": {
        "inherits": "2.0.3",
        "safe-buffer": "5.1.2"
      }
    },
    "http-signature": {
      "version": "1.2.0",
      "resolved": "https://registry.npmjs.org/http-signature/-/http-signature-1.2.0.tgz",
      "integrity": "sha1-muzZJRFHcvPZW2WmCruPfBj7rOE=",
      "requires": {
        "assert-plus": "1.0.0",
        "jsprim": "1.4.1",
        "sshpk": "1.14.2"
      }
    },
    "iconv-lite": {
      "version": "0.4.24",
      "resolved": "https://registry.npmjs.org/iconv-lite/-/iconv-lite-0.4.24.tgz",
      "integrity": "sha512-v3MXnZAcvnywkTUEZomIActle7RXXeedOR31wwl7VlyoXO4Qi9arvSenNQWne1TcRwhCL1HwLI21bEqdpj8/rA==",
      "requires": {
        "safer-buffer": "2.1.2"
      }
    },
    "inherits": {
      "version": "2.0.3",
      "resolved": "https://registry.npmjs.org/inherits/-/inherits-2.0.3.tgz",
      "integrity": "sha1-Yzwsg+PaQqUC9SRmAiSA9CCCYd4="
    },
    "is-array-buffer": {
      "version": "1.0.0",
      "resolved": "https://registry.npmjs.org/is-array-buffer/-/is-array-buffer-1.0.0.tgz",
      "integrity": "sha512-KtzJzWuC1kZQ377GJbEsoBh0LuQh1uaZnQg8oL2LcDkY/Ny8rpAzu21Ls3oph3SEKXbnrLHt3rAUVm28iuEPfw=="
    },
    "is-arrayish": {
      "version": "0.3.2",
      "resolved": "https://registry.npmjs.org/is-arrayish/-/is-arrayish-0.3.2.tgz",
      "integrity": "sha512-eVRqCvVlZbuw3GrM63ovNSNAeA1K16kaR/LRY/92w0zxQ5/1YzwblUX652i4Xs9RwAGjW9d9y6X88t8OaAJfWQ=="
    },
    "is-buffer": {
      "version": "1.1.6",
      "resolved": "https://registry.npmjs.org/is-buffer/-/is-buffer-1.1.6.tgz",
      "integrity": "sha512-NcdALwpXkTm5Zvvbk7owOUSvVvBKDgKP5/ewfXEznmQFfs4ZRmanOeKBTjRVjka3QFoN6XJ+9F3USqfHqTaU5w=="
    },
    "is-stream": {
      "version": "1.1.0",
      "resolved": "https://registry.npmjs.org/is-stream/-/is-stream-1.1.0.tgz",
      "integrity": "sha1-EtSj3U5o4Lec6428hBc66A2RykQ="
    },
    "is-typedarray": {
      "version": "1.0.0",
      "resolved": "https://registry.npmjs.org/is-typedarray/-/is-typedarray-1.0.0.tgz",
      "integrity": "sha1-5HnICFjfDBsR3dppQPlgEfzaSpo="
    },
    "isarray": {
      "version": "1.0.0",
      "resolved": "https://registry.npmjs.org/isarray/-/isarray-1.0.0.tgz",
      "integrity": "sha1-u5NdSFgsuhaMBoNJV6VKPgcSTxE="
    },
    "isomorphic-fetch": {
      "version": "2.2.1",
      "resolved": "https://registry.npmjs.org/isomorphic-fetch/-/isomorphic-fetch-2.2.1.tgz",
      "integrity": "sha1-YRrhrPFPXoH3KVB0coGf6XM1WKk=",
      "requires": {
        "node-fetch": "1.7.3",
        "whatwg-fetch": "3.0.0"
      }
    },
    "isstream": {
      "version": "0.1.2",
      "resolved": "https://registry.npmjs.org/isstream/-/isstream-0.1.2.tgz",
      "integrity": "sha1-R+Y/evVa+m+S4VAOaQ64uFKcCZo="
    },
    "iterall": {
      "version": "1.2.2",
      "resolved": "https://registry.npmjs.org/iterall/-/iterall-1.2.2.tgz",
      "integrity": "sha512-yynBb1g+RFUPY64fTrFv7nsjRrENBQJaX2UL+2Szc9REFrSNm1rpSXHGzhmAy7a9uv3vlvgBlXnf9RqmPH1/DA=="
    },
    "jsbn": {
      "version": "0.1.1",
      "resolved": "https://registry.npmjs.org/jsbn/-/jsbn-0.1.1.tgz",
      "integrity": "sha1-peZUwuWi3rXyAdls77yoDA7y9RM=",
      "optional": true
    },
    "json-beautify": {
      "version": "1.0.1",
      "resolved": "https://registry.npmjs.org/json-beautify/-/json-beautify-1.0.1.tgz",
      "integrity": "sha1-WYtQ1Mjqm4/KWru0C34svTrUwvw="
    },
    "json-edm-parser": {
      "version": "0.1.2",
      "resolved": "https://registry.npmjs.org/json-edm-parser/-/json-edm-parser-0.1.2.tgz",
      "integrity": "sha1-HmCw/vG8CvZ7wNFG393lSGzWFbQ=",
      "requires": {
        "jsonparse": "1.2.0"
      }
    },
    "json-schema": {
      "version": "0.2.3",
      "resolved": "https://registry.npmjs.org/json-schema/-/json-schema-0.2.3.tgz",
      "integrity": "sha1-tIDIkuWaLwWVTOcnvT8qTogvnhM="
    },
    "json-schema-traverse": {
      "version": "0.3.1",
      "resolved": "https://registry.npmjs.org/json-schema-traverse/-/json-schema-traverse-0.3.1.tgz",
      "integrity": "sha1-NJptRMU6Ud6JtAgFxdXlm0F9M0A="
    },
    "json-stream": {
      "version": "1.0.0",
      "resolved": "https://registry.npmjs.org/json-stream/-/json-stream-1.0.0.tgz",
      "integrity": "sha1-GjhU4o0rvuqzHMfd9oPS3cVlJwg="
    },
    "json-stringify-safe": {
      "version": "5.0.1",
      "resolved": "https://registry.npmjs.org/json-stringify-safe/-/json-stringify-safe-5.0.1.tgz",
      "integrity": "sha1-Epai1Y/UXxmg9s4B1lcB4sc1tus="
    },
    "jsonparse": {
      "version": "1.2.0",
      "resolved": "https://registry.npmjs.org/jsonparse/-/jsonparse-1.2.0.tgz",
      "integrity": "sha1-XAxWhRBxYOcv50ib3eoLRMK8Z70="
    },
    "jsprim": {
      "version": "1.4.1",
      "resolved": "https://registry.npmjs.org/jsprim/-/jsprim-1.4.1.tgz",
      "integrity": "sha1-MT5mvB5cwG5Di8G3SZwuXFastqI=",
      "requires": {
        "assert-plus": "1.0.0",
        "extsprintf": "1.3.0",
        "json-schema": "0.2.3",
        "verror": "1.10.0"
      }
    },
    "kuler": {
      "version": "1.0.1",
      "resolved": "https://registry.npmjs.org/kuler/-/kuler-1.0.1.tgz",
      "integrity": "sha512-J9nVUucG1p/skKul6DU3PUZrhs0LPulNaeUOox0IyXDi8S4CztTHs1gQphhuZmzXG7VOQSf6NJfKuzteQLv9gQ==",
      "requires": {
        "colornames": "1.1.1"
      }
    },
    "lodash": {
      "version": "4.17.11",
      "resolved": "https://registry.npmjs.org/lodash/-/lodash-4.17.11.tgz",
      "integrity": "sha512-cQKh8igo5QUhZ7lg38DYWAxMvjSAKG0A8wGSVimP07SIUEK2UO+arSRKbRZWtelMtN5V0Hkwh5ryOto/SshYIg=="
    },
    "logform": {
      "version": "2.1.2",
      "resolved": "https://registry.npmjs.org/logform/-/logform-2.1.2.tgz",
      "integrity": "sha512-+lZh4OpERDBLqjiwDLpAWNQu6KMjnlXH2ByZwCuSqVPJletw0kTWJf5CgSNAUKn1KUkv3m2cUz/LK8zyEy7wzQ==",
      "requires": {
        "colors": "1.3.3",
        "fast-safe-stringify": "2.0.6",
        "fecha": "2.3.3",
        "ms": "2.1.1",
        "triple-beam": "1.3.0"
      },
      "dependencies": {
        "ms": {
          "version": "2.1.1",
          "resolved": "https://registry.npmjs.org/ms/-/ms-2.1.1.tgz",
          "integrity": "sha512-tgp+dl5cGk28utYktBsrFqA7HKgrhgPsg6Z/EfhWI4gl1Hwq8B/GmY/0oXZ6nF8hDVesS/FpnYaD/kOWhYQvyg=="
        }
      }
    },
    "md5.js": {
      "version": "1.3.4",
      "resolved": "https://registry.npmjs.org/md5.js/-/md5.js-1.3.4.tgz",
      "integrity": "sha1-6b296UogpawYsENA/Fdk1bCdkB0=",
      "requires": {
        "hash-base": "3.0.4",
        "inherits": "2.0.3"
      }
    },
    "mime-db": {
      "version": "1.36.0",
      "resolved": "https://registry.npmjs.org/mime-db/-/mime-db-1.36.0.tgz",
      "integrity": "sha512-L+xvyD9MkoYMXb1jAmzI/lWYAxAMCPvIBSWur0PZ5nOf5euahRLVqH//FKW9mWp2lkqUgYiXPgkzfMUFi4zVDw=="
    },
    "mime-types": {
      "version": "2.1.20",
      "resolved": "https://registry.npmjs.org/mime-types/-/mime-types-2.1.20.tgz",
      "integrity": "sha512-HrkrPaP9vGuWbLK1B1FfgAkbqNjIuy4eHlIYnFi7kamZyLLrGlo2mpcx0bBmNpKqBtYtAfGbodDddIgddSJC2A==",
      "requires": {
        "mime-db": "1.36.0"
      }
    },
    "minimist": {
      "version": "0.0.8",
      "resolved": "https://registry.npmjs.org/minimist/-/minimist-0.0.8.tgz",
      "integrity": "sha1-hX/Kv8M5fSYluCKCYuhqp6ARsF0="
    },
    "minio": {
      "version": "7.0.5",
      "resolved": "https://registry.npmjs.org/minio/-/minio-7.0.5.tgz",
      "integrity": "sha512-8ElURLlaiV1sGCE5fn9V7zhqYnvfUsntwg6lCR3OPzShak35dpCRKZFY3kdA7B1faTMGdN9jFMMIJ5jdWGEw4g==",
      "requires": {
        "async": "1.5.2",
        "block-stream2": "1.1.0",
        "concat-stream": "1.6.2",
        "es6-error": "2.1.1",
        "json-stream": "1.0.0",
        "lodash": "4.17.11",
        "mime-types": "2.1.20",
        "mkdirp": "0.5.1",
        "querystring": "0.2.0",
        "through2": "0.6.5",
        "uuid": "3.2.1",
        "xml": "1.0.1",
        "xml2js": "0.4.19"
      },
      "dependencies": {
        "async": {
          "version": "1.5.2",
          "resolved": "https://registry.npmjs.org/async/-/async-1.5.2.tgz",
          "integrity": "sha1-7GphrlZIDAw8skHJVhjiCJL5Zyo="
        },
        "sax": {
          "version": "1.2.4",
          "resolved": "https://registry.npmjs.org/sax/-/sax-1.2.4.tgz",
          "integrity": "sha512-NqVDv9TpANUjFm0N8uM5GxL36UgKi9/atZw+x7YFnQ8ckwFGKrl4xX4yWtrey3UJm5nP1kUbnYgLopqWNSRhWw=="
        },
        "xml2js": {
          "version": "0.4.19",
          "resolved": "https://registry.npmjs.org/xml2js/-/xml2js-0.4.19.tgz",
          "integrity": "sha512-esZnJZJOiJR9wWKMyuvSE1y6Dq5LCuJanqhxslH2bxM6duahNZ+HMpCLhBQGZkbX6xRf8x1Y2eJlgt2q3qo49Q==",
          "requires": {
            "sax": "1.2.4",
            "xmlbuilder": "9.0.7"
          }
        },
        "xmlbuilder": {
          "version": "9.0.7",
          "resolved": "https://registry.npmjs.org/xmlbuilder/-/xmlbuilder-9.0.7.tgz",
          "integrity": "sha1-Ey7mPS7FVlxVfiD0wi35rKaGsQ0="
        }
      }
    },
    "mkdirp": {
      "version": "0.5.1",
      "resolved": "https://registry.npmjs.org/mkdirp/-/mkdirp-0.5.1.tgz",
      "integrity": "sha1-MAV0OOrGz3+MR2fzhkjWaX11yQM=",
      "requires": {
        "minimist": "0.0.8"
      }
    },
    "ms": {
      "version": "2.0.0",
      "resolved": "https://registry.npmjs.org/ms/-/ms-2.0.0.tgz",
      "integrity": "sha1-VgiurfwAvmwpAd9fmGF4jeDVl8g="
    },
    "node-fetch": {
      "version": "1.7.3",
      "resolved": "https://registry.npmjs.org/node-fetch/-/node-fetch-1.7.3.tgz",
      "integrity": "sha512-NhZ4CsKx7cYm2vSrBAr2PvFOe6sWDf0UYLRqA6svUYg7+/TSfVAu49jYC4BvQ4Sms9SZgdqGBgroqfDhJdTyKQ==",
      "requires": {
        "encoding": "0.1.12",
        "is-stream": "1.1.0"
      }
    },
    "nonce": {
      "version": "1.0.4",
      "resolved": "https://registry.npmjs.org/nonce/-/nonce-1.0.4.tgz",
      "integrity": "sha1-7nMCrejBvvR28wG4yR9cxRpIdhI="
    },
    "oauth-sign": {
      "version": "0.9.0",
      "resolved": "https://registry.npmjs.org/oauth-sign/-/oauth-sign-0.9.0.tgz",
      "integrity": "sha512-fexhUFFPTGV8ybAtSIGbV6gOkSv8UtRbDBnAyLQw4QPKkgNlsH2ByPGtMUqdWkos6YCRmAqViwgZrJc/mRDzZQ=="
    },
    "one-time": {
      "version": "0.0.4",
      "resolved": "https://registry.npmjs.org/one-time/-/one-time-0.0.4.tgz",
      "integrity": "sha1-+M33eISCb+Tf+T46nMN7HkSAdC4="
    },
    "performance-now": {
      "version": "2.1.0",
      "resolved": "https://registry.npmjs.org/performance-now/-/performance-now-2.1.0.tgz",
      "integrity": "sha1-Ywn04OX6kT7BxpMHrjZLSzd8nns="
    },
    "process-nextick-args": {
      "version": "1.0.7",
      "resolved": "https://registry.npmjs.org/process-nextick-args/-/process-nextick-args-1.0.7.tgz",
      "integrity": "sha1-FQ4gt1ZZCtP5EJPyWk8q2L/zC6M="
    },
    "psl": {
      "version": "1.1.29",
      "resolved": "https://registry.npmjs.org/psl/-/psl-1.1.29.tgz",
      "integrity": "sha512-AeUmQ0oLN02flVHXWh9sSJF7mcdFq0ppid/JkErufc3hGIV/AMa8Fo9VgDo/cT2jFdOWoFvHp90qqBH54W+gjQ=="
    },
    "punycode": {
      "version": "1.4.1",
      "resolved": "https://registry.npmjs.org/punycode/-/punycode-1.4.1.tgz",
      "integrity": "sha1-wNWmOycYgArY4esPpSachN1BhF4="
    },
    "qs": {
      "version": "6.5.2",
      "resolved": "https://registry.npmjs.org/qs/-/qs-6.5.2.tgz",
      "integrity": "sha512-N5ZAX4/LxJmF+7wN74pUD6qAh9/wnvdQcjq9TZjevvXzSUo7bfmw91saqMjzGS2xq91/odN2dW/WOl7qQHNDGA=="
    },
    "querystring": {
      "version": "0.2.0",
      "resolved": "https://registry.npmjs.org/querystring/-/querystring-0.2.0.tgz",
      "integrity": "sha1-sgmEkgO7Jd+CDadW50cAWHhSFiA="
    },
    "readable-stream": {
      "version": "2.0.6",
      "resolved": "https://registry.npmjs.org/readable-stream/-/readable-stream-2.0.6.tgz",
      "integrity": "sha1-j5A0HmilPMySh4jaz80Rs265t44=",
      "requires": {
        "core-util-is": "1.0.2",
        "inherits": "2.0.3",
        "isarray": "1.0.0",
        "process-nextick-args": "1.0.7",
        "string_decoder": "0.10.31",
        "util-deprecate": "1.0.2"
      }
    },
    "request": {
      "version": "2.88.0",
      "resolved": "https://registry.npmjs.org/request/-/request-2.88.0.tgz",
      "integrity": "sha512-NAqBSrijGLZdM0WZNsInLJpkJokL72XYjUpnB0iwsRgxh7dB6COrHnTBNwN0E+lHDAJzu7kLAkDeY08z2/A0hg==",
      "requires": {
        "aws-sign2": "0.7.0",
        "aws4": "1.8.0",
        "caseless": "0.12.0",
        "combined-stream": "1.0.7",
        "extend": "3.0.2",
        "forever-agent": "0.6.1",
        "form-data": "2.3.2",
        "har-validator": "5.1.0",
        "http-signature": "1.2.0",
        "is-typedarray": "1.0.0",
        "isstream": "0.1.2",
        "json-stringify-safe": "5.0.1",
        "mime-types": "2.1.20",
        "oauth-sign": "0.9.0",
        "performance-now": "2.1.0",
        "qs": "6.5.2",
        "safe-buffer": "5.1.2",
        "tough-cookie": "2.4.3",
        "tunnel-agent": "0.6.0",
        "uuid": "3.3.2"
      },
      "dependencies": {
        "extend": {
          "version": "3.0.2",
          "resolved": "https://registry.npmjs.org/extend/-/extend-3.0.2.tgz",
          "integrity": "sha512-fjquC59cD7CyW6urNXK0FBufkZcoiGG80wTuPujX590cB5Ttln20E2UB4S/WARVqhXffZl2LNgS+gQdPIIim/g=="
        },
        "uuid": {
          "version": "3.3.2",
          "resolved": "https://registry.npmjs.org/uuid/-/uuid-3.3.2.tgz",
          "integrity": "sha512-yXJmeNaw3DnnKAOKJE51sL/ZaYfWJRl1pK9dr19YFCu0ObS231AB1/LbqTKRAQ5kw8A90rA6fr4riOUpTZvQZA=="
        }
      }
    },
    "retry": {
      "version": "0.12.0",
      "resolved": "https://registry.npmjs.org/retry/-/retry-0.12.0.tgz",
      "integrity": "sha1-G0KmJmoh8HQh0bC1S33BZ7AcATs="
    },
    "safe-buffer": {
      "version": "5.1.2",
      "resolved": "https://registry.npmjs.org/safe-buffer/-/safe-buffer-5.1.2.tgz",
      "integrity": "sha512-Gd2UZBJDkXlY7GbJxfsE8/nvKkUEU1G38c1siN6QP6a9PT9MmHB8GnpscSmMJSoF8LOIrt8ud/wPtojys4G6+g=="
    },
    "safer-buffer": {
      "version": "2.1.2",
      "resolved": "https://registry.npmjs.org/safer-buffer/-/safer-buffer-2.1.2.tgz",
      "integrity": "sha512-YZo3K82SD7Riyi0E1EQPojLz7kpepnSQI9IyPbHHg1XXXevb5dJI7tpyN2ADxGcQbHG7vcyRHk0cbwqcQriUtg=="
    },
    "sax": {
      "version": "0.5.8",
      "resolved": "https://registry.npmjs.org/sax/-/sax-0.5.8.tgz",
      "integrity": "sha1-1HLbIo6zMcJQaw6MFVJK25OdEsE="
    },
    "simple-swizzle": {
      "version": "0.2.2",
      "resolved": "https://registry.npmjs.org/simple-swizzle/-/simple-swizzle-0.2.2.tgz",
      "integrity": "sha1-pNprY1/8zMoz9w0Xy5JZLeleVXo=",
      "requires": {
        "is-arrayish": "0.3.2"
      }
    },
    "sshpk": {
      "version": "1.14.2",
      "resolved": "https://registry.npmjs.org/sshpk/-/sshpk-1.14.2.tgz",
      "integrity": "sha1-xvxhZIo9nE52T9P8306hBeSSupg=",
      "requires": {
        "asn1": "0.2.4",
        "assert-plus": "1.0.0",
        "bcrypt-pbkdf": "1.0.2",
        "dashdash": "1.14.1",
        "ecc-jsbn": "0.1.2",
        "getpass": "0.1.7",
        "jsbn": "0.1.1",
        "safer-buffer": "2.1.2",
        "tweetnacl": "0.14.5"
      }
    },
    "stack-trace": {
      "version": "0.0.10",
      "resolved": "https://registry.npmjs.org/stack-trace/-/stack-trace-0.0.10.tgz",
      "integrity": "sha1-VHxws0fo0ytOEI6hoqFZ5f3eGcA="
    },
    "string_decoder": {
      "version": "0.10.31",
      "resolved": "https://registry.npmjs.org/string_decoder/-/string_decoder-0.10.31.tgz",
      "integrity": "sha1-YuIDvEF2bGwoyfyEMB2rHFMQ+pQ="
    },
    "text-hex": {
      "version": "1.0.0",
      "resolved": "https://registry.npmjs.org/text-hex/-/text-hex-1.0.0.tgz",
      "integrity": "sha512-uuVGNWzgJ4yhRaNSiubPY7OjISw4sw4E5Uv0wbjp+OzcbmVU/rsT8ujgcXJhn9ypzsgr5vlzpPqP+MBBKcGvbg=="
    },
    "through2": {
      "version": "0.6.5",
      "resolved": "https://registry.npmjs.org/through2/-/through2-0.6.5.tgz",
      "integrity": "sha1-QaucZ7KdVyCQcUEOHXp6lozTrUg=",
      "requires": {
        "readable-stream": "1.0.34",
        "xtend": "4.0.1"
      },
      "dependencies": {
        "isarray": {
          "version": "0.0.1",
          "resolved": "https://registry.npmjs.org/isarray/-/isarray-0.0.1.tgz",
          "integrity": "sha1-ihis/Kmo9Bd+Cav8YDiTmwXR7t8="
        },
        "readable-stream": {
          "version": "1.0.34",
          "resolved": "https://registry.npmjs.org/readable-stream/-/readable-stream-1.0.34.tgz",
          "integrity": "sha1-Elgg40vIQtLyqq+v5MKRbuMsFXw=",
          "requires": {
            "core-util-is": "1.0.2",
            "inherits": "2.0.3",
            "isarray": "0.0.1",
            "string_decoder": "0.10.31"
          }
        }
      }
    },
    "tough-cookie": {
      "version": "2.4.3",
      "resolved": "https://registry.npmjs.org/tough-cookie/-/tough-cookie-2.4.3.tgz",
      "integrity": "sha512-Q5srk/4vDM54WJsJio3XNn6K2sCG+CQ8G5Wz6bZhRZoAe/+TxjWB/GlFAnYEbkYVlON9FMk/fE3h2RLpPXo4lQ==",
      "requires": {
        "psl": "1.1.29",
        "punycode": "1.4.1"
      }
    },
    "triple-beam": {
      "version": "1.3.0",
      "resolved": "https://registry.npmjs.org/triple-beam/-/triple-beam-1.3.0.tgz",
      "integrity": "sha512-XrHUvV5HpdLmIj4uVMxHggLbFSZYIn7HEWsqePZcI50pco+MPqJ50wMGY794X7AOOhxOBAjbkqfAbEe/QMp2Lw=="
    },
    "tslib": {
      "version": "1.9.3",
      "resolved": "https://registry.npmjs.org/tslib/-/tslib-1.9.3.tgz",
      "integrity": "sha512-4krF8scpejhaOgqzBEcGM7yDIEfi0/8+8zDRZhNZZ2kjmHJ4hv3zCbQWxoJGz1iw5U0Jl0nma13xzHXcncMavQ=="
    },
    "tunnel-agent": {
      "version": "0.6.0",
      "resolved": "https://registry.npmjs.org/tunnel-agent/-/tunnel-agent-0.6.0.tgz",
      "integrity": "sha1-J6XeoGs2sEoKmWZ3SykIaPD8QP0=",
      "requires": {
        "safe-buffer": "5.1.2"
      }
    },
    "tweetnacl": {
      "version": "0.14.5",
      "resolved": "https://registry.npmjs.org/tweetnacl/-/tweetnacl-0.14.5.tgz",
      "integrity": "sha1-WuaBd/GS1EViadEIr6k/+HQ/T2Q=",
      "optional": true
    },
    "typedarray": {
      "version": "0.0.6",
      "resolved": "https://registry.npmjs.org/typedarray/-/typedarray-0.0.6.tgz",
      "integrity": "sha1-hnrHTjhkGHsdPUfZlqeOxciDB3c="
    },
    "underscore": {
      "version": "1.8.3",
      "resolved": "https://registry.npmjs.org/underscore/-/underscore-1.8.3.tgz",
      "integrity": "sha1-Tz+1OxBuYJf8+ctBCfKl6b36UCI="
    },
    "url-template": {
      "version": "2.0.8",
      "resolved": "https://registry.npmjs.org/url-template/-/url-template-2.0.8.tgz",
      "integrity": "sha1-/FZaPMy/93MMd19WQflVV5FDnyE="
    },
    "util-deprecate": {
      "version": "1.0.2",
      "resolved": "https://registry.npmjs.org/util-deprecate/-/util-deprecate-1.0.2.tgz",
      "integrity": "sha1-RQ1Nyfpw3nMnYvvS1KKJgUGaDM8="
    },
    "uuid": {
      "version": "3.2.1",
      "resolved": "https://registry.npmjs.org/uuid/-/uuid-3.2.1.tgz",
      "integrity": "sha512-jZnMwlb9Iku/O3smGWvZhauCf6cvvpKi4BKRiliS3cxnI+Gz9j5MEpTz2UFuXiKPJocb7gnsLHwiS05ige5BEA=="
    },
    "validator": {
      "version": "9.4.1",
      "resolved": "https://registry.npmjs.org/validator/-/validator-9.4.1.tgz",
      "integrity": "sha512-YV5KjzvRmSyJ1ee/Dm5UED0G+1L4GZnLN3w6/T+zZm8scVua4sOhYKWTUrKa0H/tMiJyO9QLHMPN+9mB/aMunA=="
    },
    "verror": {
      "version": "1.10.0",
      "resolved": "https://registry.npmjs.org/verror/-/verror-1.10.0.tgz",
      "integrity": "sha1-OhBcoXBTr1XW4nDB+CiGguGNpAA=",
      "requires": {
        "assert-plus": "1.0.0",
        "core-util-is": "1.0.2",
        "extsprintf": "1.3.0"
      }
    },
    "whatwg-fetch": {
      "version": "3.0.0",
      "resolved": "https://registry.npmjs.org/whatwg-fetch/-/whatwg-fetch-3.0.0.tgz",
      "integrity": "sha512-9GSJUgz1D4MfyKU7KRqwOjXCXTqWdFNvEr7eUBYchQiVc744mqK/MzXPNR2WsPkmkOa4ywfg8C2n8h+13Bey1Q=="
    },
    "winston": {
      "version": "3.2.1",
      "resolved": "https://registry.npmjs.org/winston/-/winston-3.2.1.tgz",
      "integrity": "sha512-zU6vgnS9dAWCEKg/QYigd6cgMVVNwyTzKs81XZtTFuRwJOcDdBg7AU0mXVyNbs7O5RH2zdv+BdNZUlx7mXPuOw==",
      "requires": {
        "async": "2.6.2",
        "diagnostics": "1.1.1",
        "is-stream": "1.1.0",
        "logform": "2.1.2",
        "one-time": "0.0.4",
        "readable-stream": "3.2.0",
        "stack-trace": "0.0.10",
        "triple-beam": "1.3.0",
        "winston-transport": "4.3.0"
      },
      "dependencies": {
        "readable-stream": {
          "version": "3.2.0",
          "resolved": "https://registry.npmjs.org/readable-stream/-/readable-stream-3.2.0.tgz",
          "integrity": "sha512-RV20kLjdmpZuTF1INEb9IA3L68Nmi+Ri7ppZqo78wj//Pn62fCoJyV9zalccNzDD/OuJpMG4f+pfMl8+L6QdGw==",
          "requires": {
            "inherits": "2.0.3",
            "string_decoder": "1.2.0",
            "util-deprecate": "1.0.2"
          }
        },
        "string_decoder": {
          "version": "1.2.0",
          "resolved": "https://registry.npmjs.org/string_decoder/-/string_decoder-1.2.0.tgz",
          "integrity": "sha512-6YqyX6ZWEYguAxgZzHGL7SsCeGx3V2TtOTqZz1xSTSWnqsbWwbptafNyvf/ACquZUXV3DANr5BDIwNYe1mN42w==",
          "requires": {
            "safe-buffer": "5.1.2"
          }
        }
      }
    },
    "winston-transport": {
      "version": "4.3.0",
      "resolved": "https://registry.npmjs.org/winston-transport/-/winston-transport-4.3.0.tgz",
      "integrity": "sha512-B2wPuwUi3vhzn/51Uukcao4dIduEiPOcOt9HJ3QeaXgkJ5Z7UwpBzxS4ZGNHtrxrUvTwemsQiSys0ihOf8Mp1A==",
      "requires": {
        "readable-stream": "2.3.6",
        "triple-beam": "1.3.0"
      },
      "dependencies": {
        "process-nextick-args": {
          "version": "2.0.0",
          "resolved": "https://registry.npmjs.org/process-nextick-args/-/process-nextick-args-2.0.0.tgz",
          "integrity": "sha512-MtEC1TqN0EU5nephaJ4rAtThHtC86dNN9qCuEhtshvpVBkAW5ZO7BASN9REnF9eoXGcRub+pFuKEpOHE+HbEMw=="
        },
        "readable-stream": {
          "version": "2.3.6",
          "resolved": "https://registry.npmjs.org/readable-stream/-/readable-stream-2.3.6.tgz",
          "integrity": "sha512-tQtKA9WIAhBF3+VLAseyMqZeBjW0AHJoxOtYqSUZNJxauErmLbVm2FW1y+J/YA9dUrAC39ITejlZWhVIwawkKw==",
          "requires": {
            "core-util-is": "1.0.2",
            "inherits": "2.0.3",
            "isarray": "1.0.0",
            "process-nextick-args": "2.0.0",
            "safe-buffer": "5.1.2",
            "string_decoder": "1.1.1",
            "util-deprecate": "1.0.2"
          }
        },
        "string_decoder": {
          "version": "1.1.1",
          "resolved": "https://registry.npmjs.org/string_decoder/-/string_decoder-1.1.1.tgz",
          "integrity": "sha512-n/ShnvDi6FHbbVfviro+WojiFzv+s8MPMHBczVePfUpDJLwoLT0ht1l4YwBCbi8pJAveEEdnkHyPyTP/mzRfwg==",
          "requires": {
            "safe-buffer": "5.1.2"
          }
        }
      }
    },
    "xml": {
      "version": "1.0.1",
      "resolved": "https://registry.npmjs.org/xml/-/xml-1.0.1.tgz",
      "integrity": "sha1-eLpyAgApxbyHuKgaPPzXS0ovweU="
    },
    "xml2js": {
      "version": "0.2.8",
      "resolved": "https://registry.npmjs.org/xml2js/-/xml2js-0.2.8.tgz",
      "integrity": "sha1-m4FpCTFjH/CdGVdUn69U9PmAs8I=",
      "requires": {
        "sax": "0.5.8"
      }
    },
    "xmlbuilder": {
      "version": "9.0.7",
      "resolved": "https://registry.npmjs.org/xmlbuilder/-/xmlbuilder-9.0.7.tgz",
      "integrity": "sha1-Ey7mPS7FVlxVfiD0wi35rKaGsQ0="
    },
    "xtend": {
      "version": "4.0.1",
      "resolved": "https://registry.npmjs.org/xtend/-/xtend-4.0.1.tgz",
      "integrity": "sha1-pcbVMr5lbiPbgg77lDofBJmNY68="
    }
  }
}
