
Microsoft Visual Studio Solution File, Format Version 12.00
# Visual Studio 15
VisualStudioVersion = 15.0.28010.2048
MinimumVisualStudioVersion = 10.0.40219.1
Project("{9A19103F-16F7-4668-BE54-9A1E7A4F7556}") = "AdvancedAlgos.AlgoErc20Token", "src\AdvancedAlgos.AlgoErc20Token\AdvancedAlgos.AlgoErc20Token.csproj", "{6916F713-4B7F-4B20-9205-BAEF417A0316}"
EndProject
Project("{FAE04EC0-301F-11D3-BF4B-00C04F79EFBC}") = "AdvancedAlgos.AlgoErc20Token.IntegrationTests", "test\AdvancedAlgos.AlgoErc20Token.IntegrationTests\AdvancedAlgos.AlgoErc20Token.IntegrationTests.csproj", "{4587034D-7844-4A36-9F49-FBA9702382E6}"
EndProject
Project("{FAE04EC0-301F-11D3-BF4B-00C04F79EFBC}") = "AdvancedAlgos.AlgoErc20Token.EthClientExtensions", "src\AdvancedAlgos.AlgoErc20Token.EthClientExtensions\AdvancedAlgos.AlgoErc20Token.EthClientExtensions.csproj", "{A392DD77-CB11-464F-A0D6-77F4AC5BC79F}"
EndProject
Global
	GlobalSection(SolutionConfigurationPlatforms) = preSolution
		Debug|Any CPU = Debug|Any CPU
		Release|Any CPU = Release|Any CPU
	EndGlobalSection
	GlobalSection(ProjectConfigurationPlatforms) = postSolution
		{6916F713-4B7F-4B20-9205-BAEF417A0316}.Debug|Any CPU.ActiveCfg = Debug|Any CPU
		{6916F713-4B7F-4B20-9205-BAEF417A0316}.Debug|Any CPU.Build.0 = Debug|Any CPU
		{6916F713-4B7F-4B20-9205-BAEF417A0316}.Release|Any CPU.ActiveCfg = Release|Any CPU
		{6916F713-4B7F-4B20-9205-BAEF417A0316}.Release|Any CPU.Build.0 = Release|Any CPU
		{4587034D-7844-4A36-9F49-FBA9702382E6}.Debug|Any CPU.ActiveCfg = Debug|Any CPU
		{4587034D-7844-4A36-9F49-FBA9702382E6}.Debug|Any CPU.Build.0 = Debug|Any CPU
		{4587034D-7844-4A36-9F49-FBA9702382E6}.Release|Any CPU.ActiveCfg = Release|Any CPU
		{4587034D-7844-4A36-9F49-FBA9702382E6}.Release|Any CPU.Build.0 = Release|Any CPU
		{A392DD77-CB11-464F-A0D6-77F4AC5BC79F}.Debug|Any CPU.ActiveCfg = Debug|Any CPU
		{A392DD77-CB11-464F-A0D6-77F4AC5BC79F}.Debug|Any CPU.Build.0 = Debug|Any CPU
		{A392DD77-CB11-464F-A0D6-77F4AC5BC79F}.Release|Any CPU.ActiveCfg = Release|Any CPU
		{A392DD77-CB11-464F-A0D6-77F4AC5BC79F}.Release|Any CPU.Build.0 = Release|Any CPU
	EndGlobalSection
	GlobalSection(SolutionProperties) = preSolution
		HideSolutionNode = FALSE
	EndGlobalSection
	GlobalSection(ExtensibilityGlobals) = postSolution
		SolutionGuid = {7273BF71-A9AA-472B-84A8-7658BB88D497}
	EndGlobalSection
EndGlobal
