{
  "requires": true,
  "lockfileVersion": 1,
  "dependencies": {
    "ccxt": {
      "version": "1.47.49",
      "resolved": "https://registry.npmjs.org/ccxt/-/ccxt-1.47.49.tgz",
      "integrity": "sha512-aGjOGKX/wfStwD24dH7FweP2ktdbZBjhgLxkipFVaewnjsftyiuzCCikMS7IvSRON/aAMG0oqKUdVHL382BFMA=="
    }
  }
}
