{
  "requires": true,
  "lockfileVersion": 1,
  "dependencies": {
    "ccxt": {
      "version": "1.38.75",
      "resolved": "https://registry.npmjs.org/ccxt/-/ccxt-1.38.75.tgz",
      "integrity": "sha512-cfyucvOi2WQnpR7HLuSuc2uc1vJkVVXfAQGc4D5HxJ2QYzjoez/1mjTm/iQ6+7El7Af1v3lJTtU+NJ9TpzPYFw=="
    }
  }
}
