{
  "requires": true,
  "lockfileVersion": 1,
  "dependencies": {
    "ccxt": {
      "version": "1.42.77",
      "resolved": "https://registry.npmjs.org/ccxt/-/ccxt-1.42.77.tgz",
      "integrity": "sha512-vPaw8G3hr9iq1iJ59EHuA6iqjufgK6dNC7MjT3qV8YQbpEJoD2ynoFwfl1hbuvlyKlFjiOa3gHwhRV64UacBDQ=="
    }
  }
}
