{
  "name": "AAToma",
  "version": "1.0.0",
  "lockfileVersion": 1,
  "requires": true,
  "dependencies": {
    "@superalgos/mqservice": {
      "version": "0.0.3",
      "resolved": "https://registry.npmjs.org/@superalgos/mqservice/-/mqservice-0.0.3.tgz",
      "integrity": "sha512-7beJRbcylkzND1MnWdEIrmtrqOyFvRsS131JKk6Xap5fFpS8kPpXKHEY50K97qwBnbTJZSJyNvSjafJPRUNjqQ=="
    }
  }
}
