{
  "requires": true,
  "lockfileVersion": 1,
  "dependencies": {
    "ccxt": {
      "version": "1.38.72",
      "resolved": "https://registry.npmjs.org/ccxt/-/ccxt-1.38.72.tgz",
      "integrity": "sha512-ERlYG0wKrzo9ltSlLHvYZ2QC/WG1pMwJfZp+EWsaT27a2FAF+ejUlo6QT+CeSexUb61Y/aIlPwRyFwn6zxhIuA=="
    }
  }
}
