{
  "requires": true,
  "lockfileVersion": 1,
  "dependencies": {
    "ccxt": {
      "version": "1.38.76",
      "resolved": "https://registry.npmjs.org/ccxt/-/ccxt-1.38.76.tgz",
      "integrity": "sha512-t2XalR99Uv4YdRMyBk/sCKwynA7voPl3TRF/IfzICQf8vr7EyGh3CTuV9o3TYAHSNliotitk3SNC8cp1e/ULjw=="
    }
  }
}
