
Microsoft Visual Studio Solution File, Format Version 12.00
# Visual Studio 15
VisualStudioVersion = 15.0.27130.2027
MinimumVisualStudioVersion = 10.0.40219.1
Project("{9092AA53-FB77-4645-B42D-1CCCA6BD08BD}") = "AAArtudito", "AAArtudito.njsproj", "{A54D4656-3DB8-407A-9333-E65115E994AB}"
EndProject
Global
	GlobalSection(SolutionConfigurationPlatforms) = preSolution
		Debug|Any CPU = Debug|Any CPU
		Release|Any CPU = Release|Any CPU
	EndGlobalSection
	GlobalSection(ProjectConfigurationPlatforms) = postSolution
		{A54D4656-3DB8-407A-9333-E65115E994AB}.Debug|Any CPU.ActiveCfg = Debug|Any CPU
		{A54D4656-3DB8-407A-9333-E65115E994AB}.Debug|Any CPU.Build.0 = Debug|Any CPU
		{A54D4656-3DB8-407A-9333-E65115E994AB}.Release|Any CPU.ActiveCfg = Release|Any CPU
		{A54D4656-3DB8-407A-9333-E65115E994AB}.Release|Any CPU.Build.0 = Release|Any CPU
	EndGlobalSection
	GlobalSection(SolutionProperties) = preSolution
		HideSolutionNode = FALSE
	EndGlobalSection
	GlobalSection(ExtensibilityGlobals) = postSolution
		SolutionGuid = {B4BDAEAF-E863-458A-87C1-CC6D8C490784}
	EndGlobalSection
EndGlobal
