
Microsoft Visual Studio Solution File, Format Version 12.00
# Visual Studio 15
VisualStudioVersion = 15.0.28010.2048
MinimumVisualStudioVersion = 10.0.40219.1
Project("{9A19103F-16F7-4668-BE54-9A1E7A4F7556}") = "AdvancedAlgos.AlgoToken.AlgoErc20Token", "algo-erc20-token\src\AdvancedAlgos.AlgoToken.AlgoErc20Token\AdvancedAlgos.AlgoToken.AlgoErc20Token.csproj", "{96BC465D-507E-43BC-A71E-1B4F7799AB19}"
EndProject
Project("{9A19103F-16F7-4668-BE54-9A1E7A4F7556}") = "AdvancedAlgos.AlgoToken.AlgoErc20Token.IntegrationTests", "algo-erc20-token\test\AdvancedAlgos.AlgoToken.AlgoErc20Token.IntegrationTests\AdvancedAlgos.AlgoToken.AlgoErc20Token.IntegrationTests.csproj", "{B569A2AD-A0E7-4623-AB3A-9BB49938CBE6}"
EndProject
Project("{2150E333-8FDC-42A3-9474-1A3956D46DE8}") = "algo-erc20-token", "algo-erc20-token", "{921A277C-0B10-4186-A814-786F903B4E2C}"
EndProject
Project("{2150E333-8FDC-42A3-9474-1A3956D46DE8}") = "algo-token-distribution", "algo-token-distribution", "{4EDC9FAE-176A-4995-B977-F6D2B735F616}"
EndProject
Project("{2150E333-8FDC-42A3-9474-1A3956D46DE8}") = "framework", "framework", "{9A083680-1F9C-4A8C-8FB2-A623DD333AEE}"
EndProject
Project("{9A19103F-16F7-4668-BE54-9A1E7A4F7556}") = "AdvancedAlgos.AlgoToken.AlgoTokenDistribution", "algo-token-distribution\src\AdvancedAlgos.AlgoToken.AlgoTokenDistribution\AdvancedAlgos.AlgoToken.AlgoTokenDistribution.csproj", "{6D1C63E9-A2F1-4084-B8E4-499B41341023}"
EndProject
Project("{9A19103F-16F7-4668-BE54-9A1E7A4F7556}") = "AdvancedAlgos.AlgoToken.AlgoTokenDistribution.IntegrationTests", "algo-token-distribution\test\AdvancedAlgos.AlgoToken.AlgoTokenDistribution.IntegrationTests\AdvancedAlgos.AlgoToken.AlgoTokenDistribution.IntegrationTests.csproj", "{CF2E35E6-EFC5-445F-AB17-BEC7E3039C41}"
EndProject
Project("{9A19103F-16F7-4668-BE54-9A1E7A4F7556}") = "AdvancedAlgos.AlgoToken.Framework.Ethereum.IntegrationTest", "framework\src\AdvancedAlgos.AlgoToken.Framework.Ethereum.IntegrationTest\AdvancedAlgos.AlgoToken.Framework.Ethereum.IntegrationTest.csproj", "{127474F7-81E8-4153-AEE0-A2049D75F77D}"
EndProject
Project("{9A19103F-16F7-4668-BE54-9A1E7A4F7556}") = "AdvancedAlgos.AlgoToken.Framework.Ethereum", "framework\src\AdvancedAlgos.AlgoToken.Framework.Ethereum\AdvancedAlgos.AlgoToken.Framework.Ethereum.csproj", "{B05DC461-E82E-430B-A66D-9C0C9C9F9C9E}"
EndProject
Project("{FAE04EC0-301F-11D3-BF4B-00C04F79EFBC}") = "AdvancedAlgos.AlgoToken.AlgoTokenPlayground", "algo-token-playground\src\AdvancedAlgos.AlgoToken.AlgoTokenPlayground\AdvancedAlgos.AlgoToken.AlgoTokenPlayground.csproj", "{42569CB0-DA27-4BAE-A657-3617D1644AD5}"
EndProject
Global
	GlobalSection(SolutionConfigurationPlatforms) = preSolution
		Debug|Any CPU = Debug|Any CPU
		Release|Any CPU = Release|Any CPU
	EndGlobalSection
	GlobalSection(ProjectConfigurationPlatforms) = postSolution
		{96BC465D-507E-43BC-A71E-1B4F7799AB19}.Debug|Any CPU.ActiveCfg = Debug|Any CPU
		{96BC465D-507E-43BC-A71E-1B4F7799AB19}.Debug|Any CPU.Build.0 = Debug|Any CPU
		{96BC465D-507E-43BC-A71E-1B4F7799AB19}.Release|Any CPU.ActiveCfg = Release|Any CPU
		{96BC465D-507E-43BC-A71E-1B4F7799AB19}.Release|Any CPU.Build.0 = Release|Any CPU
		{B569A2AD-A0E7-4623-AB3A-9BB49938CBE6}.Debug|Any CPU.ActiveCfg = Debug|Any CPU
		{B569A2AD-A0E7-4623-AB3A-9BB49938CBE6}.Debug|Any CPU.Build.0 = Debug|Any CPU
		{B569A2AD-A0E7-4623-AB3A-9BB49938CBE6}.Release|Any CPU.ActiveCfg = Release|Any CPU
		{B569A2AD-A0E7-4623-AB3A-9BB49938CBE6}.Release|Any CPU.Build.0 = Release|Any CPU
		{6D1C63E9-A2F1-4084-B8E4-499B41341023}.Debug|Any CPU.ActiveCfg = Debug|Any CPU
		{6D1C63E9-A2F1-4084-B8E4-499B41341023}.Debug|Any CPU.Build.0 = Debug|Any CPU
		{6D1C63E9-A2F1-4084-B8E4-499B41341023}.Release|Any CPU.ActiveCfg = Release|Any CPU
		{6D1C63E9-A2F1-4084-B8E4-499B41341023}.Release|Any CPU.Build.0 = Release|Any CPU
		{CF2E35E6-EFC5-445F-AB17-BEC7E3039C41}.Debug|Any CPU.ActiveCfg = Debug|Any CPU
		{CF2E35E6-EFC5-445F-AB17-BEC7E3039C41}.Debug|Any CPU.Build.0 = Debug|Any CPU
		{CF2E35E6-EFC5-445F-AB17-BEC7E3039C41}.Release|Any CPU.ActiveCfg = Release|Any CPU
		{CF2E35E6-EFC5-445F-AB17-BEC7E3039C41}.Release|Any CPU.Build.0 = Release|Any CPU
		{127474F7-81E8-4153-AEE0-A2049D75F77D}.Debug|Any CPU.ActiveCfg = Debug|Any CPU
		{127474F7-81E8-4153-AEE0-A2049D75F77D}.Debug|Any CPU.Build.0 = Debug|Any CPU
		{127474F7-81E8-4153-AEE0-A2049D75F77D}.Release|Any CPU.ActiveCfg = Release|Any CPU
		{127474F7-81E8-4153-AEE0-A2049D75F77D}.Release|Any CPU.Build.0 = Release|Any CPU
		{B05DC461-E82E-430B-A66D-9C0C9C9F9C9E}.Debug|Any CPU.ActiveCfg = Debug|Any CPU
		{B05DC461-E82E-430B-A66D-9C0C9C9F9C9E}.Debug|Any CPU.Build.0 = Debug|Any CPU
		{B05DC461-E82E-430B-A66D-9C0C9C9F9C9E}.Release|Any CPU.ActiveCfg = Release|Any CPU
		{B05DC461-E82E-430B-A66D-9C0C9C9F9C9E}.Release|Any CPU.Build.0 = Release|Any CPU
		{42569CB0-DA27-4BAE-A657-3617D1644AD5}.Debug|Any CPU.ActiveCfg = Debug|Any CPU
		{42569CB0-DA27-4BAE-A657-3617D1644AD5}.Debug|Any CPU.Build.0 = Debug|Any CPU
		{42569CB0-DA27-4BAE-A657-3617D1644AD5}.Release|Any CPU.ActiveCfg = Release|Any CPU
		{42569CB0-DA27-4BAE-A657-3617D1644AD5}.Release|Any CPU.Build.0 = Release|Any CPU
	EndGlobalSection
	GlobalSection(SolutionProperties) = preSolution
		HideSolutionNode = FALSE
	EndGlobalSection
	GlobalSection(NestedProjects) = preSolution
		{96BC465D-507E-43BC-A71E-1B4F7799AB19} = {921A277C-0B10-4186-A814-786F903B4E2C}
		{B569A2AD-A0E7-4623-AB3A-9BB49938CBE6} = {921A277C-0B10-4186-A814-786F903B4E2C}
		{6D1C63E9-A2F1-4084-B8E4-499B41341023} = {4EDC9FAE-176A-4995-B977-F6D2B735F616}
		{CF2E35E6-EFC5-445F-AB17-BEC7E3039C41} = {4EDC9FAE-176A-4995-B977-F6D2B735F616}
		{127474F7-81E8-4153-AEE0-A2049D75F77D} = {9A083680-1F9C-4A8C-8FB2-A623DD333AEE}
		{B05DC461-E82E-430B-A66D-9C0C9C9F9C9E} = {9A083680-1F9C-4A8C-8FB2-A623DD333AEE}
	EndGlobalSection
	GlobalSection(ExtensibilityGlobals) = postSolution
		SolutionGuid = {79FFEB06-291F-417C-9AC3-2AA0D31CC7D4}
	EndGlobalSection
EndGlobal
