{
  "name": "backend-server",
  "version": "0.0.0",
  "lockfileVersion": 1,
  "requires": true,
  "dependencies": {
    "child_process": {
      "version": "1.0.2",
      "resolved": "https://registry.npmjs.org/child_process/-/child_process-1.0.2.tgz",
      "integrity": "sha1-sffn/HPSXn/R1FWtyU4UODAYK1o="
    },
    "dotenv": {
      "version": "8.2.0",
      "resolved": "https://registry.npmjs.org/dotenv/-/dotenv-8.2.0.tgz",
      "integrity": "sha512-8sJ78ElpbDJBHNeBzUbUVLsqKdccaa/BXF1uPTw3GrvQTBgrQrtObr2mUrE38vzYd8cEv+m/JBfDLioYcfXoaw=="
    },
    "ws": {
      "version": "7.2.3",
      "resolved": "https://registry.npmjs.org/ws/-/ws-7.2.3.tgz",
      "integrity": "sha512-HTDl9G9hbkNDk98naoR/cHDws7+EyYMOdL1BmjsZXRUjf7d+MficC4B7HLUPlSiho0vg+CWKrGIt/VJBd1xunQ=="
    }
  }
}
