{
  "name": "@superalgos/taskserver",
  "version": "2.0.0",
  "lockfileVersion": 1,
  "requires": true,
  "dependencies": {
    "ccxt": {
      "version": "1.27.45",
      "resolved": "https://registry.npmjs.org/ccxt/-/ccxt-1.27.45.tgz",
      "integrity": "sha512-4ADlbcIWDzIWjtLvsrtux5jMFj7pU4kVuiqtI2Btq6NEhQ4r/4+LirXdEFlCF6/wIU3XSHabxMd/8nu8HC1KJw=="
    }
  }
}
